
Microsoft Visual Studio Solution File, Format Version 12.00
# Visual Studio Version 17
VisualStudioVersion = 17.2.32505.173
MinimumVisualStudioVersion = 10.0.40219.1
Project("{9A19103F-16F7-4668-BE54-9A1E7A4F7556}") = "IKVM.Runtime", "src\IKVM.Runtime\IKVM.Runtime.csproj", "{1DAD30CB-7FF9-47AC-92B2-0F46003EB6A4}"
EndProject
Project("{9A19103F-16F7-4668-BE54-9A1E7A4F7556}") = "IKVM.Runtime-ref", "src\IKVM.Runtime-ref\IKVM.Runtime-ref.csproj", "{197EF0EC-63E2-4644-AF25-054B931DDB55}"
EndProject
Project("{9A19103F-16F7-4668-BE54-9A1E7A4F7556}") = "IKVM.Runtime.JNI", "src\IKVM.Runtime.JNI\IKVM.Runtime.JNI.csproj", "{E4E508BF-7ADF-413F-83E2-908A3C9F7F8D}"
EndProject
Project("{9A19103F-16F7-4668-BE54-9A1E7A4F7556}") = "ikvmstub", "src\ikvmstub\ikvmstub.csproj", "{0A87FF49-AC9D-479A-ACBB-F4028A0BE1F7}"
EndProject
Project("{9A19103F-16F7-4668-BE54-9A1E7A4F7556}") = "ikvmc", "src\ikvmc\ikvmc.csproj", "{2F29E48C-63C3-4E47-BCBA-A7454B9119CF}"
EndProject
Project("{9A19103F-16F7-4668-BE54-9A1E7A4F7556}") = "ikvm", "src\ikvm\ikvm.csproj", "{D13E6D52-AF13-423D-B29D-A935BA32E67C}"
EndProject
Project("{9A19103F-16F7-4668-BE54-9A1E7A4F7556}") = "IKVM.Reflection", "src\IKVM.Reflection\IKVM.Reflection.csproj", "{01A67032-A76E-400D-9DA8-A58CE10A5FCD}"
EndProject
Project("{2150E333-8FDC-42A3-9474-1A3956D46DE8}") = "Solution Items", "Solution Items", "{90150B24-0F40-41BB-95EF-D95F50BF06BE}"
	ProjectSection(SolutionItems) = preProject
		.gitattributes = .gitattributes
		.gitignore = .gitignore
		.gitmodules = .gitmodules
		Directory.Build.props = Directory.Build.props
		Directory.Build.targets = Directory.Build.targets
		GitVersion.yml = GitVersion.yml
		global.json = global.json
		IKVM.artifacts.msbuildproj = IKVM.artifacts.msbuildproj
		.github\workflows\IKVM.yml = .github\workflows\IKVM.yml
		LICENSE.md = LICENSE.md
		openjdk.props = openjdk.props
		README.md = README.md
	EndProjectSection
EndProject
Project("{9A19103F-16F7-4668-BE54-9A1E7A4F7556}") = "IKVM.Java-ref", "src\IKVM.Java-ref\IKVM.Java-ref.csproj", "{43BA164D-41F3-4563-BDB0-EEF56CE49309}"
EndProject
Project("{9A19103F-16F7-4668-BE54-9A1E7A4F7556}") = "IKVM.Runtime.JNI-ref", "src\IKVM.Runtime.JNI-ref\IKVM.Runtime.JNI-ref.csproj", "{01563AC3-AE6C-4297-9313-8B835B488738}"
EndProject
Project("{9A19103F-16F7-4668-BE54-9A1E7A4F7556}") = "IKVM.Tests", "src\IKVM.Tests\IKVM.Tests.csproj", "{BE0445A8-947D-485D-A183-0686D2AE23F8}"
EndProject
Project("{9A19103F-16F7-4668-BE54-9A1E7A4F7556}") = "IKVM.Tool", "src\IKVM.Tool\IKVM.Tool.csproj", "{8267A3D1-2B36-471C-9E9F-2E1B0C223632}"
EndProject
Project("{2150E333-8FDC-42A3-9474-1A3956D46DE8}") = "ikvm-native", "ikvm-native", "{0606E530-F834-44A3-9B4E-37852A06D11B}"
EndProject
Project("{8BC9CEB8-8B4A-11D0-8D11-00A0C91BC942}") = "ikvm-native-win", "src\ikvm-native\ikvm-native-win.vcxproj", "{D8B580D1-D12B-39CD-A42B-BAEE36602AA1}"
EndProject
Project("{8BC9CEB8-8B4A-11D0-8D11-00A0C91BC942}") = "ikvm-native-linux", "src\ikvm-native\ikvm-native-linux.vcxproj", "{F2A81A31-C65F-4B4E-A6FE-B14E71515EA3}"
EndProject
Project("{8BC9CEB8-8B4A-11D0-8D11-00A0C91BC942}") = "ikvm-tests-native-win", "src\ikvm-tests-native\ikvm-tests-native-win.vcxproj", "{A275C11D-F06E-475F-AEBA-7F7A1EF8D140}"
EndProject
Project("{8BC9CEB8-8B4A-11D0-8D11-00A0C91BC942}") = "ikvm-tests-native-linux", "src\ikvm-tests-native\ikvm-tests-native-linux.vcxproj", "{E566FE94-C551-43A7-843C-5E8199CA7373}"
EndProject
Project("{2150E333-8FDC-42A3-9474-1A3956D46DE8}") = "ikvm-tests-native", "ikvm-tests-native", "{B6083619-C4E8-4D8E-95BD-217E3663134C}"
EndProject
Project("{9A19103F-16F7-4668-BE54-9A1E7A4F7556}") = "ikvmc.Tests", "src\ikvmc.Tests\ikvmc.Tests.csproj", "{CF80B061-AF1B-4C15-A725-10C0A5D267CC}"
EndProject
Project("{9A19103F-16F7-4668-BE54-9A1E7A4F7556}") = "IKVM.Tests.Util", "src\IKVM.Tests.Util\IKVM.Tests.Util.csproj", "{E2C71F2E-2940-4990-A618-E7E47C00D6A6}"
EndProject
Project("{9A19103F-16F7-4668-BE54-9A1E7A4F7556}") = "IKVM.Util", "src\IKVM.Util\IKVM.Util.csproj", "{ADACA319-6E64-4351-8E00-FB03B98BFC8C}"
EndProject
Project("{9A19103F-16F7-4668-BE54-9A1E7A4F7556}") = "IKVM.MSBuild.Tasks", "src\IKVM.MSBuild.Tasks\IKVM.MSBuild.Tasks.csproj", "{158C3707-74CC-429B-8348-F5B08584F4F6}"
EndProject
Project("{9A19103F-16F7-4668-BE54-9A1E7A4F7556}") = "IKVM.MSBuild.Tests", "src\IKVM.MSBuild.Tests\IKVM.MSBuild.Tests.csproj", "{9AD9F640-FDA2-49E5-9B0F-9BD66BA26F11}"
EndProject
Project("{9A19103F-16F7-4668-BE54-9A1E7A4F7556}") = "IKVM.Tool.Exe", "src\IKVM.Tool.Exe\IKVM.Tool.Exe.csproj", "{BE69E1D2-1443-44FA-81D3-F6A452222998}"
EndProject
Project("{9A19103F-16F7-4668-BE54-9A1E7A4F7556}") = "IKVM.MSBuild.Tasks.Tests", "src\IKVM.MSBuild.Tasks.Tests\IKVM.MSBuild.Tasks.Tests.csproj", "{E7C0E8FA-F34C-48C6-AD55-FD9798F5BC71}"
EndProject
Project("{9A19103F-16F7-4668-BE54-9A1E7A4F7556}") = "IKVM.Java", "src\IKVM.Java\IKVM.Java.msbuildproj", "{ABD81C7E-F986-4018-986E-ACAF82C64D3A}"
EndProject
Project("{9A19103F-16F7-4668-BE54-9A1E7A4F7556}") = "IKVM.NET.Sdk", "src\IKVM.NET.Sdk\IKVM.NET.Sdk.msbuildproj", "{704BD7C7-7746-4D72-A86E-ECFE7BBD80CC}"
EndProject
Project("{9A19103F-16F7-4668-BE54-9A1E7A4F7556}") = "IKVM.MSBuild", "src\IKVM.MSBuild\IKVM.MSBuild.msbuildproj", "{AE5BFBC6-7DD4-4ACA-BEA7-86F842F38B64}"
EndProject
Project("{9A19103F-16F7-4668-BE54-9A1E7A4F7556}") = "IKVM-pkg", "src\IKVM-pkg\IKVM-pkg.csproj", "{95F23908-2D65-40C7-9EF1-B5C8543503AA}"
EndProject
Project("{9A19103F-16F7-4668-BE54-9A1E7A4F7556}") = "IKVM.NET.Sdk.Tests", "src\IKVM.NET.Sdk.Tests\IKVM.NET.Sdk.Tests.csproj", "{AE845ECA-89DE-481C-9C58-7475C8E4FAA6}"
EndProject
Project("{9A19103F-16F7-4668-BE54-9A1E7A4F7556}") = "IKVM.Tool.Exporter", "src\IKVM.Tool.Exporter\IKVM.Tool.Exporter.csproj", "{17979A73-C0CE-41CD-B54F-4E72B998E6D0}"
EndProject
Project("{9A19103F-16F7-4668-BE54-9A1E7A4F7556}") = "IKVM.Tool.Exporter.Tests", "src\IKVM.Tool.Exporter.Tests\IKVM.Tool.Exporter.Tests.csproj", "{EFF93C65-3F45-48B6-9178-1E68ADD41974}"
EndProject
Project("{9A19103F-16F7-4668-BE54-9A1E7A4F7556}") = "IKVM.JavaTest", "src\IKVM.JavaTest\IKVM.JavaTest.msbuildproj", "{64313869-0118-47C2-9C98-D5F5147816B7}"
EndProject
Project("{9A19103F-16F7-4668-BE54-9A1E7A4F7556}") = "IKVM.JavaTest.AgentServer", "src\IKVM.JavaTest.AgentServer\IKVM.JavaTest.AgentServer.csproj", "{F3F6574B-480E-497E-8FA0-A25E167154AF}"
EndProject
Project("{9A19103F-16F7-4668-BE54-9A1E7A4F7556}") = "IKVM.JavaTest.TestAdapter", "src\IKVM.JavaTest.TestAdapter\IKVM.JavaTest.TestAdapter.csproj", "{734A378C-DBAB-40D6-847B-D034CBD2D485}"
EndProject
Project("{9A19103F-16F7-4668-BE54-9A1E7A4F7556}") = "IKVM.JavaTest.TestAdapter.Tests", "src\IKVM.JavaTest.TestAdapter.Tests\IKVM.JavaTest.TestAdapter.Tests.csproj", "{69820773-513E-4F22-8846-3AD0079631D5}"
EndProject
Project("{9A19103F-16F7-4668-BE54-9A1E7A4F7556}") = "IKVM.Tool.Tests", "src\IKVM.Tool.Tests\IKVM.Tool.Tests.csproj", "{E4E6EAB9-2C68-49AC-A212-D464F1BB483B}"
EndProject
Project("{FAE04EC0-301F-11D3-BF4B-00C04F79EFBC}") = "javac", "src\javac\javac.csproj", "{78BE5834-EC02-48C5-A83A-2693D777375A}"
EndProject
Global
	GlobalSection(SolutionConfigurationPlatforms) = preSolution
		Debug|Any CPU = Debug|Any CPU
		Release|Any CPU = Release|Any CPU
	EndGlobalSection
	GlobalSection(ProjectConfigurationPlatforms) = postSolution
		{1DAD30CB-7FF9-47AC-92B2-0F46003EB6A4}.Debug|Any CPU.ActiveCfg = Debug|Any CPU
		{1DAD30CB-7FF9-47AC-92B2-0F46003EB6A4}.Debug|Any CPU.Build.0 = Debug|Any CPU
		{1DAD30CB-7FF9-47AC-92B2-0F46003EB6A4}.Release|Any CPU.ActiveCfg = Release|Any CPU
		{1DAD30CB-7FF9-47AC-92B2-0F46003EB6A4}.Release|Any CPU.Build.0 = Release|Any CPU
		{197EF0EC-63E2-4644-AF25-054B931DDB55}.Debug|Any CPU.ActiveCfg = Debug|Any CPU
		{197EF0EC-63E2-4644-AF25-054B931DDB55}.Debug|Any CPU.Build.0 = Debug|Any CPU
		{197EF0EC-63E2-4644-AF25-054B931DDB55}.Release|Any CPU.ActiveCfg = Release|Any CPU
		{197EF0EC-63E2-4644-AF25-054B931DDB55}.Release|Any CPU.Build.0 = Release|Any CPU
		{E4E508BF-7ADF-413F-83E2-908A3C9F7F8D}.Debug|Any CPU.ActiveCfg = Debug|Any CPU
		{E4E508BF-7ADF-413F-83E2-908A3C9F7F8D}.Debug|Any CPU.Build.0 = Debug|Any CPU
		{E4E508BF-7ADF-413F-83E2-908A3C9F7F8D}.Release|Any CPU.ActiveCfg = Release|Any CPU
		{E4E508BF-7ADF-413F-83E2-908A3C9F7F8D}.Release|Any CPU.Build.0 = Release|Any CPU
		{0A87FF49-AC9D-479A-ACBB-F4028A0BE1F7}.Debug|Any CPU.ActiveCfg = Debug|Any CPU
		{0A87FF49-AC9D-479A-ACBB-F4028A0BE1F7}.Debug|Any CPU.Build.0 = Debug|Any CPU
		{0A87FF49-AC9D-479A-ACBB-F4028A0BE1F7}.Release|Any CPU.ActiveCfg = Release|Any CPU
		{0A87FF49-AC9D-479A-ACBB-F4028A0BE1F7}.Release|Any CPU.Build.0 = Release|Any CPU
		{2F29E48C-63C3-4E47-BCBA-A7454B9119CF}.Debug|Any CPU.ActiveCfg = Debug|Any CPU
		{2F29E48C-63C3-4E47-BCBA-A7454B9119CF}.Debug|Any CPU.Build.0 = Debug|Any CPU
		{2F29E48C-63C3-4E47-BCBA-A7454B9119CF}.Release|Any CPU.ActiveCfg = Release|Any CPU
		{2F29E48C-63C3-4E47-BCBA-A7454B9119CF}.Release|Any CPU.Build.0 = Release|Any CPU
		{D13E6D52-AF13-423D-B29D-A935BA32E67C}.Debug|Any CPU.ActiveCfg = Debug|Any CPU
		{D13E6D52-AF13-423D-B29D-A935BA32E67C}.Debug|Any CPU.Build.0 = Debug|Any CPU
		{D13E6D52-AF13-423D-B29D-A935BA32E67C}.Release|Any CPU.ActiveCfg = Release|Any CPU
		{D13E6D52-AF13-423D-B29D-A935BA32E67C}.Release|Any CPU.Build.0 = Release|Any CPU
		{01A67032-A76E-400D-9DA8-A58CE10A5FCD}.Debug|Any CPU.ActiveCfg = Debug|Any CPU
		{01A67032-A76E-400D-9DA8-A58CE10A5FCD}.Debug|Any CPU.Build.0 = Debug|Any CPU
		{01A67032-A76E-400D-9DA8-A58CE10A5FCD}.Release|Any CPU.ActiveCfg = Release|Any CPU
		{01A67032-A76E-400D-9DA8-A58CE10A5FCD}.Release|Any CPU.Build.0 = Release|Any CPU
		{43BA164D-41F3-4563-BDB0-EEF56CE49309}.Debug|Any CPU.ActiveCfg = Debug|Any CPU
		{43BA164D-41F3-4563-BDB0-EEF56CE49309}.Debug|Any CPU.Build.0 = Debug|Any CPU
		{43BA164D-41F3-4563-BDB0-EEF56CE49309}.Release|Any CPU.ActiveCfg = Release|Any CPU
		{43BA164D-41F3-4563-BDB0-EEF56CE49309}.Release|Any CPU.Build.0 = Release|Any CPU
		{01563AC3-AE6C-4297-9313-8B835B488738}.Debug|Any CPU.ActiveCfg = Debug|Any CPU
		{01563AC3-AE6C-4297-9313-8B835B488738}.Debug|Any CPU.Build.0 = Debug|Any CPU
		{01563AC3-AE6C-4297-9313-8B835B488738}.Release|Any CPU.ActiveCfg = Release|Any CPU
		{01563AC3-AE6C-4297-9313-8B835B488738}.Release|Any CPU.Build.0 = Release|Any CPU
		{BE0445A8-947D-485D-A183-0686D2AE23F8}.Debug|Any CPU.ActiveCfg = Debug|Any CPU
		{BE0445A8-947D-485D-A183-0686D2AE23F8}.Debug|Any CPU.Build.0 = Debug|Any CPU
		{BE0445A8-947D-485D-A183-0686D2AE23F8}.Release|Any CPU.ActiveCfg = Release|Any CPU
		{BE0445A8-947D-485D-A183-0686D2AE23F8}.Release|Any CPU.Build.0 = Release|Any CPU
		{8267A3D1-2B36-471C-9E9F-2E1B0C223632}.Debug|Any CPU.ActiveCfg = Debug|Any CPU
		{8267A3D1-2B36-471C-9E9F-2E1B0C223632}.Debug|Any CPU.Build.0 = Debug|Any CPU
		{8267A3D1-2B36-471C-9E9F-2E1B0C223632}.Release|Any CPU.ActiveCfg = Release|Any CPU
		{8267A3D1-2B36-471C-9E9F-2E1B0C223632}.Release|Any CPU.Build.0 = Release|Any CPU
		{D8B580D1-D12B-39CD-A42B-BAEE36602AA1}.Debug|Any CPU.ActiveCfg = Debug|x64
		{D8B580D1-D12B-39CD-A42B-BAEE36602AA1}.Debug|Any CPU.Build.0 = Debug|x64
		{D8B580D1-D12B-39CD-A42B-BAEE36602AA1}.Release|Any CPU.ActiveCfg = Release|x64
		{D8B580D1-D12B-39CD-A42B-BAEE36602AA1}.Release|Any CPU.Build.0 = Release|x64
		{F2A81A31-C65F-4B4E-A6FE-B14E71515EA3}.Debug|Any CPU.ActiveCfg = Debug|x64
		{F2A81A31-C65F-4B4E-A6FE-B14E71515EA3}.Debug|Any CPU.Build.0 = Debug|x64
		{F2A81A31-C65F-4B4E-A6FE-B14E71515EA3}.Release|Any CPU.ActiveCfg = Release|x64
		{F2A81A31-C65F-4B4E-A6FE-B14E71515EA3}.Release|Any CPU.Build.0 = Release|x64
		{A275C11D-F06E-475F-AEBA-7F7A1EF8D140}.Debug|Any CPU.ActiveCfg = Debug|x64
		{A275C11D-F06E-475F-AEBA-7F7A1EF8D140}.Debug|Any CPU.Build.0 = Debug|x64
		{A275C11D-F06E-475F-AEBA-7F7A1EF8D140}.Release|Any CPU.ActiveCfg = Release|x64
		{A275C11D-F06E-475F-AEBA-7F7A1EF8D140}.Release|Any CPU.Build.0 = Release|x64
		{E566FE94-C551-43A7-843C-5E8199CA7373}.Debug|Any CPU.ActiveCfg = Debug|x64
		{E566FE94-C551-43A7-843C-5E8199CA7373}.Debug|Any CPU.Build.0 = Debug|x64
		{E566FE94-C551-43A7-843C-5E8199CA7373}.Release|Any CPU.ActiveCfg = Release|x64
		{E566FE94-C551-43A7-843C-5E8199CA7373}.Release|Any CPU.Build.0 = Release|x64
		{CF80B061-AF1B-4C15-A725-10C0A5D267CC}.Debug|Any CPU.ActiveCfg = Debug|Any CPU
		{CF80B061-AF1B-4C15-A725-10C0A5D267CC}.Debug|Any CPU.Build.0 = Debug|Any CPU
		{CF80B061-AF1B-4C15-A725-10C0A5D267CC}.Release|Any CPU.ActiveCfg = Release|Any CPU
		{CF80B061-AF1B-4C15-A725-10C0A5D267CC}.Release|Any CPU.Build.0 = Release|Any CPU
		{E2C71F2E-2940-4990-A618-E7E47C00D6A6}.Debug|Any CPU.ActiveCfg = Debug|Any CPU
		{E2C71F2E-2940-4990-A618-E7E47C00D6A6}.Debug|Any CPU.Build.0 = Debug|Any CPU
		{E2C71F2E-2940-4990-A618-E7E47C00D6A6}.Release|Any CPU.ActiveCfg = Release|Any CPU
		{E2C71F2E-2940-4990-A618-E7E47C00D6A6}.Release|Any CPU.Build.0 = Release|Any CPU
		{ADACA319-6E64-4351-8E00-FB03B98BFC8C}.Debug|Any CPU.ActiveCfg = Debug|Any CPU
		{ADACA319-6E64-4351-8E00-FB03B98BFC8C}.Debug|Any CPU.Build.0 = Debug|Any CPU
		{ADACA319-6E64-4351-8E00-FB03B98BFC8C}.Release|Any CPU.ActiveCfg = Release|Any CPU
		{ADACA319-6E64-4351-8E00-FB03B98BFC8C}.Release|Any CPU.Build.0 = Release|Any CPU
		{158C3707-74CC-429B-8348-F5B08584F4F6}.Debug|Any CPU.ActiveCfg = Debug|Any CPU
		{158C3707-74CC-429B-8348-F5B08584F4F6}.Debug|Any CPU.Build.0 = Debug|Any CPU
		{158C3707-74CC-429B-8348-F5B08584F4F6}.Release|Any CPU.ActiveCfg = Release|Any CPU
		{158C3707-74CC-429B-8348-F5B08584F4F6}.Release|Any CPU.Build.0 = Release|Any CPU
		{9AD9F640-FDA2-49E5-9B0F-9BD66BA26F11}.Debug|Any CPU.ActiveCfg = Debug|Any CPU
		{9AD9F640-FDA2-49E5-9B0F-9BD66BA26F11}.Debug|Any CPU.Build.0 = Debug|Any CPU
		{9AD9F640-FDA2-49E5-9B0F-9BD66BA26F11}.Release|Any CPU.ActiveCfg = Release|Any CPU
		{9AD9F640-FDA2-49E5-9B0F-9BD66BA26F11}.Release|Any CPU.Build.0 = Release|Any CPU
		{BE69E1D2-1443-44FA-81D3-F6A452222998}.Debug|Any CPU.ActiveCfg = Debug|Any CPU
		{BE69E1D2-1443-44FA-81D3-F6A452222998}.Debug|Any CPU.Build.0 = Debug|Any CPU
		{BE69E1D2-1443-44FA-81D3-F6A452222998}.Release|Any CPU.ActiveCfg = Release|Any CPU
		{BE69E1D2-1443-44FA-81D3-F6A452222998}.Release|Any CPU.Build.0 = Release|Any CPU
		{E7C0E8FA-F34C-48C6-AD55-FD9798F5BC71}.Debug|Any CPU.ActiveCfg = Debug|Any CPU
		{E7C0E8FA-F34C-48C6-AD55-FD9798F5BC71}.Debug|Any CPU.Build.0 = Debug|Any CPU
		{E7C0E8FA-F34C-48C6-AD55-FD9798F5BC71}.Release|Any CPU.ActiveCfg = Release|Any CPU
		{E7C0E8FA-F34C-48C6-AD55-FD9798F5BC71}.Release|Any CPU.Build.0 = Release|Any CPU
		{ABD81C7E-F986-4018-986E-ACAF82C64D3A}.Debug|Any CPU.ActiveCfg = Debug|Any CPU
		{ABD81C7E-F986-4018-986E-ACAF82C64D3A}.Debug|Any CPU.Build.0 = Debug|Any CPU
		{ABD81C7E-F986-4018-986E-ACAF82C64D3A}.Release|Any CPU.ActiveCfg = Release|Any CPU
		{ABD81C7E-F986-4018-986E-ACAF82C64D3A}.Release|Any CPU.Build.0 = Release|Any CPU
		{704BD7C7-7746-4D72-A86E-ECFE7BBD80CC}.Debug|Any CPU.ActiveCfg = Debug|Any CPU
		{704BD7C7-7746-4D72-A86E-ECFE7BBD80CC}.Debug|Any CPU.Build.0 = Debug|Any CPU
		{704BD7C7-7746-4D72-A86E-ECFE7BBD80CC}.Release|Any CPU.ActiveCfg = Release|Any CPU
		{704BD7C7-7746-4D72-A86E-ECFE7BBD80CC}.Release|Any CPU.Build.0 = Release|Any CPU
		{AE5BFBC6-7DD4-4ACA-BEA7-86F842F38B64}.Debug|Any CPU.ActiveCfg = Debug|Any CPU
		{AE5BFBC6-7DD4-4ACA-BEA7-86F842F38B64}.Debug|Any CPU.Build.0 = Debug|Any CPU
		{AE5BFBC6-7DD4-4ACA-BEA7-86F842F38B64}.Release|Any CPU.ActiveCfg = Release|Any CPU
		{AE5BFBC6-7DD4-4ACA-BEA7-86F842F38B64}.Release|Any CPU.Build.0 = Release|Any CPU
		{95F23908-2D65-40C7-9EF1-B5C8543503AA}.Debug|Any CPU.ActiveCfg = Debug|Any CPU
		{95F23908-2D65-40C7-9EF1-B5C8543503AA}.Debug|Any CPU.Build.0 = Debug|Any CPU
		{95F23908-2D65-40C7-9EF1-B5C8543503AA}.Release|Any CPU.ActiveCfg = Release|Any CPU
		{95F23908-2D65-40C7-9EF1-B5C8543503AA}.Release|Any CPU.Build.0 = Release|Any CPU
		{AE845ECA-89DE-481C-9C58-7475C8E4FAA6}.Debug|Any CPU.ActiveCfg = Debug|Any CPU
		{AE845ECA-89DE-481C-9C58-7475C8E4FAA6}.Debug|Any CPU.Build.0 = Debug|Any CPU
		{AE845ECA-89DE-481C-9C58-7475C8E4FAA6}.Release|Any CPU.ActiveCfg = Release|Any CPU
		{AE845ECA-89DE-481C-9C58-7475C8E4FAA6}.Release|Any CPU.Build.0 = Release|Any CPU
		{17979A73-C0CE-41CD-B54F-4E72B998E6D0}.Debug|Any CPU.ActiveCfg = Debug|Any CPU
		{17979A73-C0CE-41CD-B54F-4E72B998E6D0}.Debug|Any CPU.Build.0 = Debug|Any CPU
		{17979A73-C0CE-41CD-B54F-4E72B998E6D0}.Release|Any CPU.ActiveCfg = Release|Any CPU
		{17979A73-C0CE-41CD-B54F-4E72B998E6D0}.Release|Any CPU.Build.0 = Release|Any CPU
		{EFF93C65-3F45-48B6-9178-1E68ADD41974}.Debug|Any CPU.ActiveCfg = Debug|Any CPU
		{EFF93C65-3F45-48B6-9178-1E68ADD41974}.Debug|Any CPU.Build.0 = Debug|Any CPU
		{EFF93C65-3F45-48B6-9178-1E68ADD41974}.Release|Any CPU.ActiveCfg = Release|Any CPU
		{EFF93C65-3F45-48B6-9178-1E68ADD41974}.Release|Any CPU.Build.0 = Release|Any CPU
		{64313869-0118-47C2-9C98-D5F5147816B7}.Debug|Any CPU.ActiveCfg = Debug|Any CPU
		{64313869-0118-47C2-9C98-D5F5147816B7}.Debug|Any CPU.Build.0 = Debug|Any CPU
		{64313869-0118-47C2-9C98-D5F5147816B7}.Release|Any CPU.ActiveCfg = Release|Any CPU
		{64313869-0118-47C2-9C98-D5F5147816B7}.Release|Any CPU.Build.0 = Release|Any CPU
		{F3F6574B-480E-497E-8FA0-A25E167154AF}.Debug|Any CPU.ActiveCfg = Debug|Any CPU
		{F3F6574B-480E-497E-8FA0-A25E167154AF}.Debug|Any CPU.Build.0 = Debug|Any CPU
		{F3F6574B-480E-497E-8FA0-A25E167154AF}.Release|Any CPU.ActiveCfg = Release|Any CPU
		{F3F6574B-480E-497E-8FA0-A25E167154AF}.Release|Any CPU.Build.0 = Release|Any CPU
		{734A378C-DBAB-40D6-847B-D034CBD2D485}.Debug|Any CPU.ActiveCfg = Debug|Any CPU
		{734A378C-DBAB-40D6-847B-D034CBD2D485}.Debug|Any CPU.Build.0 = Debug|Any CPU
		{734A378C-DBAB-40D6-847B-D034CBD2D485}.Release|Any CPU.ActiveCfg = Release|Any CPU
		{734A378C-DBAB-40D6-847B-D034CBD2D485}.Release|Any CPU.Build.0 = Release|Any CPU
		{69820773-513E-4F22-8846-3AD0079631D5}.Debug|Any CPU.ActiveCfg = Debug|Any CPU
		{69820773-513E-4F22-8846-3AD0079631D5}.Debug|Any CPU.Build.0 = Debug|Any CPU
		{69820773-513E-4F22-8846-3AD0079631D5}.Release|Any CPU.ActiveCfg = Release|Any CPU
		{69820773-513E-4F22-8846-3AD0079631D5}.Release|Any CPU.Build.0 = Release|Any CPU
		{E4E6EAB9-2C68-49AC-A212-D464F1BB483B}.Debug|Any CPU.ActiveCfg = Debug|Any CPU
		{E4E6EAB9-2C68-49AC-A212-D464F1BB483B}.Debug|Any CPU.Build.0 = Debug|Any CPU
		{E4E6EAB9-2C68-49AC-A212-D464F1BB483B}.Release|Any CPU.ActiveCfg = Release|Any CPU
		{E4E6EAB9-2C68-49AC-A212-D464F1BB483B}.Release|Any CPU.Build.0 = Release|Any CPU
		{78BE5834-EC02-48C5-A83A-2693D777375A}.Debug|Any CPU.ActiveCfg = Debug|Any CPU
		{78BE5834-EC02-48C5-A83A-2693D777375A}.Debug|Any CPU.Build.0 = Debug|Any CPU
		{78BE5834-EC02-48C5-A83A-2693D777375A}.Release|Any CPU.ActiveCfg = Release|Any CPU
		{78BE5834-EC02-48C5-A83A-2693D777375A}.Release|Any CPU.Build.0 = Release|Any CPU
	EndGlobalSection
	GlobalSection(SolutionProperties) = preSolution
		HideSolutionNode = FALSE
	EndGlobalSection
	GlobalSection(NestedProjects) = preSolution
		{D8B580D1-D12B-39CD-A42B-BAEE36602AA1} = {0606E530-F834-44A3-9B4E-37852A06D11B}
		{F2A81A31-C65F-4B4E-A6FE-B14E71515EA3} = {0606E530-F834-44A3-9B4E-37852A06D11B}
		{A275C11D-F06E-475F-AEBA-7F7A1EF8D140} = {B6083619-C4E8-4D8E-95BD-217E3663134C}
		{E566FE94-C551-43A7-843C-5E8199CA7373} = {B6083619-C4E8-4D8E-95BD-217E3663134C}
	EndGlobalSection
	GlobalSection(ExtensibilityGlobals) = postSolution
		SolutionGuid = {A03ACB78-6C3F-4E09-BAF1-16E41D5A3945}
	EndGlobalSection
EndGlobal
