
Microsoft Visual Studio Solution File, Format Version 12.00
# Visual Studio 15
VisualStudioVersion = 15.0.26124.0
MinimumVisualStudioVersion = 15.0.26124.0
Project("{2150E333-8FDC-42A3-9474-1A3956D46DE8}") = "tools", "tools", "{FE38781E-0BA9-4307-A73B-F52BEBA0E7FD}"
EndProject
Project("{FAE04EC0-301F-11D3-BF4B-00C04F79EFBC}") = "updbaseaddresses", "tools\updbaseaddresses\updbaseaddresses.csproj", "{3AEE607C-9D3C-4AB3-9F04-C32F8DC04F39}"
EndProject
Project("{FAE04EC0-301F-11D3-BF4B-00C04F79EFBC}") = "depcheck", "tools\depcheck\depcheck.csproj", "{DF57BC4D-A395-41D4-B143-E5007B69E6F3}"
EndProject
Project("{FAE04EC0-301F-11D3-BF4B-00C04F79EFBC}") = "pubkey", "tools\pubkey\pubkey.csproj", "{C5314B31-9D7D-4B11-A0B8-BAAA110E527E}"
EndProject
Project("{FAE04EC0-301F-11D3-BF4B-00C04F79EFBC}") = "SourceLicenseAnalyzer", "tools\SourceLicenseAnalyzer\SourceLicenseAnalyzer.csproj", "{C93EAE03-A9F4-496B-800A-C81A149498BA}"
EndProject
Project("{FAE04EC0-301F-11D3-BF4B-00C04F79EFBC}") = "IKVM.Reflection", "reflect\IKVM.Reflection.csproj", "{81E19887-20C7-42FA-9B7E-51BB39F474EE}"
EndProject
Project("{FAE04EC0-301F-11D3-BF4B-00C04F79EFBC}") = "ikvmstub", "ikvmstub\ikvmstub.csproj", "{14B96965-62F5-414D-927F-3D23C54FCC6A}"
EndProject
Project("{2150E333-8FDC-42A3-9474-1A3956D46DE8}") = "runtime", "runtime", "{696111E9-83D6-4238-BA87-3FB278331B3F}"
EndProject
Project("{FAE04EC0-301F-11D3-BF4B-00C04F79EFBC}") = "DummyLibrary", "runtime\DummyLibrary\DummyLibrary.csproj", "{78B8CD91-599C-414C-A689-C3A32DF29E2C}"
EndProject
Project("{FAE04EC0-301F-11D3-BF4B-00C04F79EFBC}") = "IKVM.Runtime.FirstPass", "runtime\IKVM.Runtime.FirstPass\IKVM.Runtime.FirstPass.csproj", "{3DF4D674-1425-4041-ACF2-26D28E224C85}"
EndProject
Project("{2150E333-8FDC-42A3-9474-1A3956D46DE8}") = "awt", "awt", "{F978B8BE-BF49-4A47-B095-28284666881F}"
EndProject
Project("{FAE04EC0-301F-11D3-BF4B-00C04F79EFBC}") = "IKVM.AWT.WinForms.FirstPass", "awt\IKVM.AWT.WinForms.FirstPass\IKVM.AWT.WinForms.FirstPass.csproj", "{490C73D5-6AD7-45E7-BC46-D0C983819A88}"
EndProject
Project("{FAE04EC0-301F-11D3-BF4B-00C04F79EFBC}") = "ikvmc", "ikvmc\ikvmc.csproj", "{A15EBCCC-BF01-425A-8F40-A90ECB1E0C63}"
EndProject
Project("{FAE04EC0-301F-11D3-BF4B-00C04F79EFBC}") = "openjdk", "openjdk\openjdk.csproj", "{AB1873B8-D907-4846-B207-A6769BBAED80}"
EndProject
Project("{FAE04EC0-301F-11D3-BF4B-00C04F79EFBC}") = "IKVM.Runtime.JNI", "runtime\IKVM.Runtime.JNI\IKVM.Runtime.JNI.csproj", "{21E5B560-26BB-423D-99FC-5BDFBF293900}"
EndProject
Project("{FAE04EC0-301F-11D3-BF4B-00C04F79EFBC}") = "IKVM.Runtime", "runtime\IKVM.Runtime\IKVM.Runtime.csproj", "{1E6EDCD9-5F9C-4206-8C01-DC57CB9B6373}"
EndProject
Project("{FAE04EC0-301F-11D3-BF4B-00C04F79EFBC}") = "openjdk.tools", "openjdk\openjdk.tools.csproj", "{80CC6823-BF1C-481B-97BF-1AAEDAD73A32}"
EndProject
Project("{FAE04EC0-301F-11D3-BF4B-00C04F79EFBC}") = "IKVM.AWT.WinForms", "awt\IKVM.AWT.WinForms\IKVM.AWT.WinForms.csproj", "{4491838C-5FC2-4952-ACCD-F6A5D4208E75}"
EndProject
Project("{FAE04EC0-301F-11D3-BF4B-00C04F79EFBC}") = "implib", "tools\implib\implib.csproj", "{D6A916A2-B46B-4F51-BB44-E1E527FFDDAF}"
EndProject
Project("{FAE04EC0-301F-11D3-BF4B-00C04F79EFBC}") = "ikvm", "ikvm\ikvm.csproj", "{0E230283-4F56-4DEC-9ACC-6D395CD0D6D5}"
EndProject
Project("{FAE04EC0-301F-11D3-BF4B-00C04F79EFBC}") = "jvm", "jvm\jvm.csproj", "{7CD7A1FF-B519-4EC8-AFDE-AF79EDDAC0E8}"
EndProject
Global
	GlobalSection(SolutionConfigurationPlatforms) = preSolution
		Debug|Any CPU = Debug|Any CPU
		Debug|x64 = Debug|x64
		Debug|x86 = Debug|x86
		Release|Any CPU = Release|Any CPU
		Release|x64 = Release|x64
		Release|x86 = Release|x86
	EndGlobalSection
	GlobalSection(SolutionProperties) = preSolution
		HideSolutionNode = FALSE
	EndGlobalSection
	GlobalSection(ProjectConfigurationPlatforms) = postSolution
		{3AEE607C-9D3C-4AB3-9F04-C32F8DC04F39}.Debug|Any CPU.ActiveCfg = Debug|Any CPU
		{3AEE607C-9D3C-4AB3-9F04-C32F8DC04F39}.Debug|Any CPU.Build.0 = Debug|Any CPU
		{3AEE607C-9D3C-4AB3-9F04-C32F8DC04F39}.Debug|x64.ActiveCfg = Debug|Any CPU
		{3AEE607C-9D3C-4AB3-9F04-C32F8DC04F39}.Debug|x64.Build.0 = Debug|Any CPU
		{3AEE607C-9D3C-4AB3-9F04-C32F8DC04F39}.Debug|x86.ActiveCfg = Debug|Any CPU
		{3AEE607C-9D3C-4AB3-9F04-C32F8DC04F39}.Debug|x86.Build.0 = Debug|Any CPU
		{3AEE607C-9D3C-4AB3-9F04-C32F8DC04F39}.Release|Any CPU.ActiveCfg = Release|Any CPU
		{3AEE607C-9D3C-4AB3-9F04-C32F8DC04F39}.Release|Any CPU.Build.0 = Release|Any CPU
		{3AEE607C-9D3C-4AB3-9F04-C32F8DC04F39}.Release|x64.ActiveCfg = Release|Any CPU
		{3AEE607C-9D3C-4AB3-9F04-C32F8DC04F39}.Release|x64.Build.0 = Release|Any CPU
		{3AEE607C-9D3C-4AB3-9F04-C32F8DC04F39}.Release|x86.ActiveCfg = Release|Any CPU
		{3AEE607C-9D3C-4AB3-9F04-C32F8DC04F39}.Release|x86.Build.0 = Release|Any CPU
		{DF57BC4D-A395-41D4-B143-E5007B69E6F3}.Debug|Any CPU.ActiveCfg = Debug|Any CPU
		{DF57BC4D-A395-41D4-B143-E5007B69E6F3}.Debug|Any CPU.Build.0 = Debug|Any CPU
		{DF57BC4D-A395-41D4-B143-E5007B69E6F3}.Debug|x64.ActiveCfg = Debug|Any CPU
		{DF57BC4D-A395-41D4-B143-E5007B69E6F3}.Debug|x64.Build.0 = Debug|Any CPU
		{DF57BC4D-A395-41D4-B143-E5007B69E6F3}.Debug|x86.ActiveCfg = Debug|Any CPU
		{DF57BC4D-A395-41D4-B143-E5007B69E6F3}.Debug|x86.Build.0 = Debug|Any CPU
		{DF57BC4D-A395-41D4-B143-E5007B69E6F3}.Release|Any CPU.ActiveCfg = Release|Any CPU
		{DF57BC4D-A395-41D4-B143-E5007B69E6F3}.Release|Any CPU.Build.0 = Release|Any CPU
		{DF57BC4D-A395-41D4-B143-E5007B69E6F3}.Release|x64.ActiveCfg = Release|Any CPU
		{DF57BC4D-A395-41D4-B143-E5007B69E6F3}.Release|x64.Build.0 = Release|Any CPU
		{DF57BC4D-A395-41D4-B143-E5007B69E6F3}.Release|x86.ActiveCfg = Release|Any CPU
		{DF57BC4D-A395-41D4-B143-E5007B69E6F3}.Release|x86.Build.0 = Release|Any CPU
		{C5314B31-9D7D-4B11-A0B8-BAAA110E527E}.Debug|Any CPU.ActiveCfg = Debug|Any CPU
		{C5314B31-9D7D-4B11-A0B8-BAAA110E527E}.Debug|Any CPU.Build.0 = Debug|Any CPU
		{C5314B31-9D7D-4B11-A0B8-BAAA110E527E}.Debug|x64.ActiveCfg = Debug|Any CPU
		{C5314B31-9D7D-4B11-A0B8-BAAA110E527E}.Debug|x64.Build.0 = Debug|Any CPU
		{C5314B31-9D7D-4B11-A0B8-BAAA110E527E}.Debug|x86.ActiveCfg = Debug|Any CPU
		{C5314B31-9D7D-4B11-A0B8-BAAA110E527E}.Debug|x86.Build.0 = Debug|Any CPU
		{C5314B31-9D7D-4B11-A0B8-BAAA110E527E}.Release|Any CPU.ActiveCfg = Release|Any CPU
		{C5314B31-9D7D-4B11-A0B8-BAAA110E527E}.Release|Any CPU.Build.0 = Release|Any CPU
		{C5314B31-9D7D-4B11-A0B8-BAAA110E527E}.Release|x64.ActiveCfg = Release|Any CPU
		{C5314B31-9D7D-4B11-A0B8-BAAA110E527E}.Release|x64.Build.0 = Release|Any CPU
		{C5314B31-9D7D-4B11-A0B8-BAAA110E527E}.Release|x86.ActiveCfg = Release|Any CPU
		{C5314B31-9D7D-4B11-A0B8-BAAA110E527E}.Release|x86.Build.0 = Release|Any CPU
		{C93EAE03-A9F4-496B-800A-C81A149498BA}.Debug|Any CPU.ActiveCfg = Debug|Any CPU
		{C93EAE03-A9F4-496B-800A-C81A149498BA}.Debug|Any CPU.Build.0 = Debug|Any CPU
		{C93EAE03-A9F4-496B-800A-C81A149498BA}.Debug|x64.ActiveCfg = Debug|Any CPU
		{C93EAE03-A9F4-496B-800A-C81A149498BA}.Debug|x64.Build.0 = Debug|Any CPU
		{C93EAE03-A9F4-496B-800A-C81A149498BA}.Debug|x86.ActiveCfg = Debug|Any CPU
		{C93EAE03-A9F4-496B-800A-C81A149498BA}.Debug|x86.Build.0 = Debug|Any CPU
		{C93EAE03-A9F4-496B-800A-C81A149498BA}.Release|Any CPU.ActiveCfg = Release|Any CPU
		{C93EAE03-A9F4-496B-800A-C81A149498BA}.Release|Any CPU.Build.0 = Release|Any CPU
		{C93EAE03-A9F4-496B-800A-C81A149498BA}.Release|x64.ActiveCfg = Release|Any CPU
		{C93EAE03-A9F4-496B-800A-C81A149498BA}.Release|x64.Build.0 = Release|Any CPU
		{C93EAE03-A9F4-496B-800A-C81A149498BA}.Release|x86.ActiveCfg = Release|Any CPU
		{C93EAE03-A9F4-496B-800A-C81A149498BA}.Release|x86.Build.0 = Release|Any CPU
		{81E19887-20C7-42FA-9B7E-51BB39F474EE}.Debug|Any CPU.ActiveCfg = Debug|Any CPU
		{81E19887-20C7-42FA-9B7E-51BB39F474EE}.Debug|Any CPU.Build.0 = Debug|Any CPU
		{81E19887-20C7-42FA-9B7E-51BB39F474EE}.Debug|x64.ActiveCfg = Debug|Any CPU
		{81E19887-20C7-42FA-9B7E-51BB39F474EE}.Debug|x64.Build.0 = Debug|Any CPU
		{81E19887-20C7-42FA-9B7E-51BB39F474EE}.Debug|x86.ActiveCfg = Debug|Any CPU
		{81E19887-20C7-42FA-9B7E-51BB39F474EE}.Debug|x86.Build.0 = Debug|Any CPU
		{81E19887-20C7-42FA-9B7E-51BB39F474EE}.Release|Any CPU.ActiveCfg = Release|Any CPU
		{81E19887-20C7-42FA-9B7E-51BB39F474EE}.Release|Any CPU.Build.0 = Release|Any CPU
		{81E19887-20C7-42FA-9B7E-51BB39F474EE}.Release|x64.ActiveCfg = Release|Any CPU
		{81E19887-20C7-42FA-9B7E-51BB39F474EE}.Release|x64.Build.0 = Release|Any CPU
		{81E19887-20C7-42FA-9B7E-51BB39F474EE}.Release|x86.ActiveCfg = Release|Any CPU
		{81E19887-20C7-42FA-9B7E-51BB39F474EE}.Release|x86.Build.0 = Release|Any CPU
		{14B96965-62F5-414D-927F-3D23C54FCC6A}.Debug|Any CPU.ActiveCfg = Debug|Any CPU
		{14B96965-62F5-414D-927F-3D23C54FCC6A}.Debug|Any CPU.Build.0 = Debug|Any CPU
		{14B96965-62F5-414D-927F-3D23C54FCC6A}.Debug|x64.ActiveCfg = Debug|Any CPU
		{14B96965-62F5-414D-927F-3D23C54FCC6A}.Debug|x64.Build.0 = Debug|Any CPU
		{14B96965-62F5-414D-927F-3D23C54FCC6A}.Debug|x86.ActiveCfg = Debug|Any CPU
		{14B96965-62F5-414D-927F-3D23C54FCC6A}.Debug|x86.Build.0 = Debug|Any CPU
		{14B96965-62F5-414D-927F-3D23C54FCC6A}.Release|Any CPU.ActiveCfg = Release|Any CPU
		{14B96965-62F5-414D-927F-3D23C54FCC6A}.Release|Any CPU.Build.0 = Release|Any CPU
		{14B96965-62F5-414D-927F-3D23C54FCC6A}.Release|x64.ActiveCfg = Release|Any CPU
		{14B96965-62F5-414D-927F-3D23C54FCC6A}.Release|x64.Build.0 = Release|Any CPU
		{14B96965-62F5-414D-927F-3D23C54FCC6A}.Release|x86.ActiveCfg = Release|Any CPU
		{14B96965-62F5-414D-927F-3D23C54FCC6A}.Release|x86.Build.0 = Release|Any CPU
		{78B8CD91-599C-414C-A689-C3A32DF29E2C}.Debug|Any CPU.ActiveCfg = Debug|Any CPU
		{78B8CD91-599C-414C-A689-C3A32DF29E2C}.Debug|Any CPU.Build.0 = Debug|Any CPU
		{78B8CD91-599C-414C-A689-C3A32DF29E2C}.Debug|x64.ActiveCfg = Debug|Any CPU
		{78B8CD91-599C-414C-A689-C3A32DF29E2C}.Debug|x64.Build.0 = Debug|Any CPU
		{78B8CD91-599C-414C-A689-C3A32DF29E2C}.Debug|x86.ActiveCfg = Debug|Any CPU
		{78B8CD91-599C-414C-A689-C3A32DF29E2C}.Debug|x86.Build.0 = Debug|Any CPU
		{78B8CD91-599C-414C-A689-C3A32DF29E2C}.Release|Any CPU.ActiveCfg = Release|Any CPU
		{78B8CD91-599C-414C-A689-C3A32DF29E2C}.Release|Any CPU.Build.0 = Release|Any CPU
		{78B8CD91-599C-414C-A689-C3A32DF29E2C}.Release|x64.ActiveCfg = Release|Any CPU
		{78B8CD91-599C-414C-A689-C3A32DF29E2C}.Release|x64.Build.0 = Release|Any CPU
		{78B8CD91-599C-414C-A689-C3A32DF29E2C}.Release|x86.ActiveCfg = Release|Any CPU
		{78B8CD91-599C-414C-A689-C3A32DF29E2C}.Release|x86.Build.0 = Release|Any CPU
		{3DF4D674-1425-4041-ACF2-26D28E224C85}.Debug|Any CPU.ActiveCfg = Debug|Any CPU
		{3DF4D674-1425-4041-ACF2-26D28E224C85}.Debug|Any CPU.Build.0 = Debug|Any CPU
		{3DF4D674-1425-4041-ACF2-26D28E224C85}.Debug|x64.ActiveCfg = Debug|Any CPU
		{3DF4D674-1425-4041-ACF2-26D28E224C85}.Debug|x64.Build.0 = Debug|Any CPU
		{3DF4D674-1425-4041-ACF2-26D28E224C85}.Debug|x86.ActiveCfg = Debug|Any CPU
		{3DF4D674-1425-4041-ACF2-26D28E224C85}.Debug|x86.Build.0 = Debug|Any CPU
		{3DF4D674-1425-4041-ACF2-26D28E224C85}.Release|Any CPU.ActiveCfg = Release|Any CPU
		{3DF4D674-1425-4041-ACF2-26D28E224C85}.Release|Any CPU.Build.0 = Release|Any CPU
		{3DF4D674-1425-4041-ACF2-26D28E224C85}.Release|x64.ActiveCfg = Release|Any CPU
		{3DF4D674-1425-4041-ACF2-26D28E224C85}.Release|x64.Build.0 = Release|Any CPU
		{3DF4D674-1425-4041-ACF2-26D28E224C85}.Release|x86.ActiveCfg = Release|Any CPU
		{3DF4D674-1425-4041-ACF2-26D28E224C85}.Release|x86.Build.0 = Release|Any CPU
		{490C73D5-6AD7-45E7-BC46-D0C983819A88}.Debug|Any CPU.ActiveCfg = Debug|Any CPU
		{490C73D5-6AD7-45E7-BC46-D0C983819A88}.Debug|Any CPU.Build.0 = Debug|Any CPU
		{490C73D5-6AD7-45E7-BC46-D0C983819A88}.Debug|x64.ActiveCfg = Debug|Any CPU
		{490C73D5-6AD7-45E7-BC46-D0C983819A88}.Debug|x64.Build.0 = Debug|Any CPU
		{490C73D5-6AD7-45E7-BC46-D0C983819A88}.Debug|x86.ActiveCfg = Debug|Any CPU
		{490C73D5-6AD7-45E7-BC46-D0C983819A88}.Debug|x86.Build.0 = Debug|Any CPU
		{490C73D5-6AD7-45E7-BC46-D0C983819A88}.Release|Any CPU.ActiveCfg = Release|Any CPU
		{490C73D5-6AD7-45E7-BC46-D0C983819A88}.Release|Any CPU.Build.0 = Release|Any CPU
		{490C73D5-6AD7-45E7-BC46-D0C983819A88}.Release|x64.ActiveCfg = Release|Any CPU
		{490C73D5-6AD7-45E7-BC46-D0C983819A88}.Release|x64.Build.0 = Release|Any CPU
		{490C73D5-6AD7-45E7-BC46-D0C983819A88}.Release|x86.ActiveCfg = Release|Any CPU
		{490C73D5-6AD7-45E7-BC46-D0C983819A88}.Release|x86.Build.0 = Release|Any CPU
		{A15EBCCC-BF01-425A-8F40-A90ECB1E0C63}.Debug|Any CPU.ActiveCfg = Debug|Any CPU
		{A15EBCCC-BF01-425A-8F40-A90ECB1E0C63}.Debug|Any CPU.Build.0 = Debug|Any CPU
		{A15EBCCC-BF01-425A-8F40-A90ECB1E0C63}.Debug|x64.ActiveCfg = Debug|Any CPU
		{A15EBCCC-BF01-425A-8F40-A90ECB1E0C63}.Debug|x64.Build.0 = Debug|Any CPU
		{A15EBCCC-BF01-425A-8F40-A90ECB1E0C63}.Debug|x86.ActiveCfg = Debug|Any CPU
		{A15EBCCC-BF01-425A-8F40-A90ECB1E0C63}.Debug|x86.Build.0 = Debug|Any CPU
		{A15EBCCC-BF01-425A-8F40-A90ECB1E0C63}.Release|Any CPU.ActiveCfg = Release|Any CPU
		{A15EBCCC-BF01-425A-8F40-A90ECB1E0C63}.Release|Any CPU.Build.0 = Release|Any CPU
		{A15EBCCC-BF01-425A-8F40-A90ECB1E0C63}.Release|x64.ActiveCfg = Release|Any CPU
		{A15EBCCC-BF01-425A-8F40-A90ECB1E0C63}.Release|x64.Build.0 = Release|Any CPU
		{A15EBCCC-BF01-425A-8F40-A90ECB1E0C63}.Release|x86.ActiveCfg = Release|Any CPU
		{A15EBCCC-BF01-425A-8F40-A90ECB1E0C63}.Release|x86.Build.0 = Release|Any CPU
		{AB1873B8-D907-4846-B207-A6769BBAED80}.Debug|Any CPU.ActiveCfg = Debug|Any CPU
		{AB1873B8-D907-4846-B207-A6769BBAED80}.Debug|Any CPU.Build.0 = Debug|Any CPU
		{AB1873B8-D907-4846-B207-A6769BBAED80}.Debug|x64.ActiveCfg = Debug|Any CPU
		{AB1873B8-D907-4846-B207-A6769BBAED80}.Debug|x64.Build.0 = Debug|Any CPU
		{AB1873B8-D907-4846-B207-A6769BBAED80}.Debug|x86.ActiveCfg = Debug|Any CPU
		{AB1873B8-D907-4846-B207-A6769BBAED80}.Debug|x86.Build.0 = Debug|Any CPU
		{AB1873B8-D907-4846-B207-A6769BBAED80}.Release|Any CPU.ActiveCfg = Release|Any CPU
		{AB1873B8-D907-4846-B207-A6769BBAED80}.Release|Any CPU.Build.0 = Release|Any CPU
		{AB1873B8-D907-4846-B207-A6769BBAED80}.Release|x64.ActiveCfg = Release|Any CPU
		{AB1873B8-D907-4846-B207-A6769BBAED80}.Release|x64.Build.0 = Release|Any CPU
		{AB1873B8-D907-4846-B207-A6769BBAED80}.Release|x86.ActiveCfg = Release|Any CPU
		{AB1873B8-D907-4846-B207-A6769BBAED80}.Release|x86.Build.0 = Release|Any CPU
		{21E5B560-26BB-423D-99FC-5BDFBF293900}.Debug|Any CPU.ActiveCfg = Debug|Any CPU
		{21E5B560-26BB-423D-99FC-5BDFBF293900}.Debug|Any CPU.Build.0 = Debug|Any CPU
		{21E5B560-26BB-423D-99FC-5BDFBF293900}.Debug|x64.ActiveCfg = Debug|Any CPU
		{21E5B560-26BB-423D-99FC-5BDFBF293900}.Debug|x64.Build.0 = Debug|Any CPU
		{21E5B560-26BB-423D-99FC-5BDFBF293900}.Debug|x86.ActiveCfg = Debug|Any CPU
		{21E5B560-26BB-423D-99FC-5BDFBF293900}.Debug|x86.Build.0 = Debug|Any CPU
		{21E5B560-26BB-423D-99FC-5BDFBF293900}.Release|Any CPU.ActiveCfg = Release|Any CPU
		{21E5B560-26BB-423D-99FC-5BDFBF293900}.Release|Any CPU.Build.0 = Release|Any CPU
		{21E5B560-26BB-423D-99FC-5BDFBF293900}.Release|x64.ActiveCfg = Release|Any CPU
		{21E5B560-26BB-423D-99FC-5BDFBF293900}.Release|x64.Build.0 = Release|Any CPU
		{21E5B560-26BB-423D-99FC-5BDFBF293900}.Release|x86.ActiveCfg = Release|Any CPU
		{21E5B560-26BB-423D-99FC-5BDFBF293900}.Release|x86.Build.0 = Release|Any CPU
		{1E6EDCD9-5F9C-4206-8C01-DC57CB9B6373}.Debug|Any CPU.ActiveCfg = Debug|Any CPU
		{1E6EDCD9-5F9C-4206-8C01-DC57CB9B6373}.Debug|Any CPU.Build.0 = Debug|Any CPU
		{1E6EDCD9-5F9C-4206-8C01-DC57CB9B6373}.Debug|x64.ActiveCfg = Debug|Any CPU
		{1E6EDCD9-5F9C-4206-8C01-DC57CB9B6373}.Debug|x64.Build.0 = Debug|Any CPU
		{1E6EDCD9-5F9C-4206-8C01-DC57CB9B6373}.Debug|x86.ActiveCfg = Debug|Any CPU
		{1E6EDCD9-5F9C-4206-8C01-DC57CB9B6373}.Debug|x86.Build.0 = Debug|Any CPU
		{1E6EDCD9-5F9C-4206-8C01-DC57CB9B6373}.Release|Any CPU.ActiveCfg = Release|Any CPU
		{1E6EDCD9-5F9C-4206-8C01-DC57CB9B6373}.Release|Any CPU.Build.0 = Release|Any CPU
		{1E6EDCD9-5F9C-4206-8C01-DC57CB9B6373}.Release|x64.ActiveCfg = Release|Any CPU
		{1E6EDCD9-5F9C-4206-8C01-DC57CB9B6373}.Release|x64.Build.0 = Release|Any CPU
		{1E6EDCD9-5F9C-4206-8C01-DC57CB9B6373}.Release|x86.ActiveCfg = Release|Any CPU
		{1E6EDCD9-5F9C-4206-8C01-DC57CB9B6373}.Release|x86.Build.0 = Release|Any CPU
		{80CC6823-BF1C-481B-97BF-1AAEDAD73A32}.Debug|Any CPU.ActiveCfg = Debug|Any CPU
		{80CC6823-BF1C-481B-97BF-1AAEDAD73A32}.Debug|Any CPU.Build.0 = Debug|Any CPU
		{80CC6823-BF1C-481B-97BF-1AAEDAD73A32}.Debug|x64.ActiveCfg = Debug|Any CPU
		{80CC6823-BF1C-481B-97BF-1AAEDAD73A32}.Debug|x64.Build.0 = Debug|Any CPU
		{80CC6823-BF1C-481B-97BF-1AAEDAD73A32}.Debug|x86.ActiveCfg = Debug|Any CPU
		{80CC6823-BF1C-481B-97BF-1AAEDAD73A32}.Debug|x86.Build.0 = Debug|Any CPU
		{80CC6823-BF1C-481B-97BF-1AAEDAD73A32}.Release|Any CPU.ActiveCfg = Release|Any CPU
		{80CC6823-BF1C-481B-97BF-1AAEDAD73A32}.Release|Any CPU.Build.0 = Release|Any CPU
		{80CC6823-BF1C-481B-97BF-1AAEDAD73A32}.Release|x64.ActiveCfg = Release|Any CPU
		{80CC6823-BF1C-481B-97BF-1AAEDAD73A32}.Release|x64.Build.0 = Release|Any CPU
		{80CC6823-BF1C-481B-97BF-1AAEDAD73A32}.Release|x86.ActiveCfg = Release|Any CPU
		{80CC6823-BF1C-481B-97BF-1AAEDAD73A32}.Release|x86.Build.0 = Release|Any CPU
		{4491838C-5FC2-4952-ACCD-F6A5D4208E75}.Debug|Any CPU.ActiveCfg = Debug|Any CPU
		{4491838C-5FC2-4952-ACCD-F6A5D4208E75}.Debug|Any CPU.Build.0 = Debug|Any CPU
		{4491838C-5FC2-4952-ACCD-F6A5D4208E75}.Debug|x64.ActiveCfg = Debug|Any CPU
		{4491838C-5FC2-4952-ACCD-F6A5D4208E75}.Debug|x64.Build.0 = Debug|Any CPU
		{4491838C-5FC2-4952-ACCD-F6A5D4208E75}.Debug|x86.ActiveCfg = Debug|Any CPU
		{4491838C-5FC2-4952-ACCD-F6A5D4208E75}.Debug|x86.Build.0 = Debug|Any CPU
		{4491838C-5FC2-4952-ACCD-F6A5D4208E75}.Release|Any CPU.ActiveCfg = Release|Any CPU
		{4491838C-5FC2-4952-ACCD-F6A5D4208E75}.Release|Any CPU.Build.0 = Release|Any CPU
		{4491838C-5FC2-4952-ACCD-F6A5D4208E75}.Release|x64.ActiveCfg = Release|Any CPU
		{4491838C-5FC2-4952-ACCD-F6A5D4208E75}.Release|x64.Build.0 = Release|Any CPU
		{4491838C-5FC2-4952-ACCD-F6A5D4208E75}.Release|x86.ActiveCfg = Release|Any CPU
		{4491838C-5FC2-4952-ACCD-F6A5D4208E75}.Release|x86.Build.0 = Release|Any CPU
		{D6A916A2-B46B-4F51-BB44-E1E527FFDDAF}.Debug|Any CPU.ActiveCfg = Debug|Any CPU
		{D6A916A2-B46B-4F51-BB44-E1E527FFDDAF}.Debug|Any CPU.Build.0 = Debug|Any CPU
		{D6A916A2-B46B-4F51-BB44-E1E527FFDDAF}.Debug|x64.ActiveCfg = Debug|Any CPU
		{D6A916A2-B46B-4F51-BB44-E1E527FFDDAF}.Debug|x64.Build.0 = Debug|Any CPU
		{D6A916A2-B46B-4F51-BB44-E1E527FFDDAF}.Debug|x86.ActiveCfg = Debug|Any CPU
		{D6A916A2-B46B-4F51-BB44-E1E527FFDDAF}.Debug|x86.Build.0 = Debug|Any CPU
		{D6A916A2-B46B-4F51-BB44-E1E527FFDDAF}.Release|Any CPU.ActiveCfg = Release|Any CPU
		{D6A916A2-B46B-4F51-BB44-E1E527FFDDAF}.Release|Any CPU.Build.0 = Release|Any CPU
		{D6A916A2-B46B-4F51-BB44-E1E527FFDDAF}.Release|x64.ActiveCfg = Release|Any CPU
		{D6A916A2-B46B-4F51-BB44-E1E527FFDDAF}.Release|x64.Build.0 = Release|Any CPU
		{D6A916A2-B46B-4F51-BB44-E1E527FFDDAF}.Release|x86.ActiveCfg = Release|Any CPU
		{D6A916A2-B46B-4F51-BB44-E1E527FFDDAF}.Release|x86.Build.0 = Release|Any CPU
		{0E230283-4F56-4DEC-9ACC-6D395CD0D6D5}.Debug|Any CPU.ActiveCfg = Debug|Any CPU
		{0E230283-4F56-4DEC-9ACC-6D395CD0D6D5}.Debug|Any CPU.Build.0 = Debug|Any CPU
		{0E230283-4F56-4DEC-9ACC-6D395CD0D6D5}.Debug|x64.ActiveCfg = Debug|Any CPU
		{0E230283-4F56-4DEC-9ACC-6D395CD0D6D5}.Debug|x64.Build.0 = Debug|Any CPU
		{0E230283-4F56-4DEC-9ACC-6D395CD0D6D5}.Debug|x86.ActiveCfg = Debug|Any CPU
		{0E230283-4F56-4DEC-9ACC-6D395CD0D6D5}.Debug|x86.Build.0 = Debug|Any CPU
		{0E230283-4F56-4DEC-9ACC-6D395CD0D6D5}.Release|Any CPU.ActiveCfg = Release|Any CPU
		{0E230283-4F56-4DEC-9ACC-6D395CD0D6D5}.Release|Any CPU.Build.0 = Release|Any CPU
		{0E230283-4F56-4DEC-9ACC-6D395CD0D6D5}.Release|x64.ActiveCfg = Release|Any CPU
		{0E230283-4F56-4DEC-9ACC-6D395CD0D6D5}.Release|x64.Build.0 = Release|Any CPU
		{0E230283-4F56-4DEC-9ACC-6D395CD0D6D5}.Release|x86.ActiveCfg = Release|Any CPU
		{0E230283-4F56-4DEC-9ACC-6D395CD0D6D5}.Release|x86.Build.0 = Release|Any CPU
		{7CD7A1FF-B519-4EC8-AFDE-AF79EDDAC0E8}.Debug|Any CPU.ActiveCfg = Debug|Any CPU
		{7CD7A1FF-B519-4EC8-AFDE-AF79EDDAC0E8}.Debug|Any CPU.Build.0 = Debug|Any CPU
		{7CD7A1FF-B519-4EC8-AFDE-AF79EDDAC0E8}.Debug|x64.ActiveCfg = Debug|Any CPU
		{7CD7A1FF-B519-4EC8-AFDE-AF79EDDAC0E8}.Debug|x64.Build.0 = Debug|Any CPU
		{7CD7A1FF-B519-4EC8-AFDE-AF79EDDAC0E8}.Debug|x86.ActiveCfg = Debug|Any CPU
		{7CD7A1FF-B519-4EC8-AFDE-AF79EDDAC0E8}.Debug|x86.Build.0 = Debug|Any CPU
		{7CD7A1FF-B519-4EC8-AFDE-AF79EDDAC0E8}.Release|Any CPU.ActiveCfg = Release|Any CPU
		{7CD7A1FF-B519-4EC8-AFDE-AF79EDDAC0E8}.Release|Any CPU.Build.0 = Release|Any CPU
		{7CD7A1FF-B519-4EC8-AFDE-AF79EDDAC0E8}.Release|x64.ActiveCfg = Release|Any CPU
		{7CD7A1FF-B519-4EC8-AFDE-AF79EDDAC0E8}.Release|x64.Build.0 = Release|Any CPU
		{7CD7A1FF-B519-4EC8-AFDE-AF79EDDAC0E8}.Release|x86.ActiveCfg = Release|Any CPU
		{7CD7A1FF-B519-4EC8-AFDE-AF79EDDAC0E8}.Release|x86.Build.0 = Release|Any CPU
	EndGlobalSection
	GlobalSection(NestedProjects) = preSolution
		{3AEE607C-9D3C-4AB3-9F04-C32F8DC04F39} = {FE38781E-0BA9-4307-A73B-F52BEBA0E7FD}
		{DF57BC4D-A395-41D4-B143-E5007B69E6F3} = {FE38781E-0BA9-4307-A73B-F52BEBA0E7FD}
		{C5314B31-9D7D-4B11-A0B8-BAAA110E527E} = {FE38781E-0BA9-4307-A73B-F52BEBA0E7FD}
		{C93EAE03-A9F4-496B-800A-C81A149498BA} = {FE38781E-0BA9-4307-A73B-F52BEBA0E7FD}
		{78B8CD91-599C-414C-A689-C3A32DF29E2C} = {696111E9-83D6-4238-BA87-3FB278331B3F}
		{3DF4D674-1425-4041-ACF2-26D28E224C85} = {696111E9-83D6-4238-BA87-3FB278331B3F}
		{490C73D5-6AD7-45E7-BC46-D0C983819A88} = {F978B8BE-BF49-4A47-B095-28284666881F}
		{21E5B560-26BB-423D-99FC-5BDFBF293900} = {696111E9-83D6-4238-BA87-3FB278331B3F}
		{1E6EDCD9-5F9C-4206-8C01-DC57CB9B6373} = {696111E9-83D6-4238-BA87-3FB278331B3F}
		{4491838C-5FC2-4952-ACCD-F6A5D4208E75} = {F978B8BE-BF49-4A47-B095-28284666881F}
		{D6A916A2-B46B-4F51-BB44-E1E527FFDDAF} = {FE38781E-0BA9-4307-A73B-F52BEBA0E7FD}
	EndGlobalSection
EndGlobal
