
Microsoft Visual Studio Solution File, Format Version 12.00
# Visual Studio 15
VisualStudioVersion = 15.0.26124.0
MinimumVisualStudioVersion = 15.0.26124.0
Project("{2150E333-8FDC-42A3-9474-1A3956D46DE8}") = "tools", "tools", "{5DEDAAEA-7366-4B17-BB32-76FFAEF97B76}"
EndProject
Project("{FAE04EC0-301F-11D3-BF4B-00C04F79EFBC}") = "updbaseaddresses", "tools\updbaseaddresses\updbaseaddresses.csproj", "{081FB109-73EF-4E0F-A208-1E9C973F56F8}"
EndProject
Project("{FAE04EC0-301F-11D3-BF4B-00C04F79EFBC}") = "depcheck", "tools\depcheck\depcheck.csproj", "{7E462B4A-155F-4CFE-8107-5A5AF419FDA8}"
EndProject
Project("{FAE04EC0-301F-11D3-BF4B-00C04F79EFBC}") = "pubkey", "tools\pubkey\pubkey.csproj", "{FE48AAFC-322B-47F3-9DC7-996A5D09431E}"
EndProject
Project("{FAE04EC0-301F-11D3-BF4B-00C04F79EFBC}") = "SourceLicenseAnalyzer", "tools\SourceLicenseAnalyzer\SourceLicenseAnalyzer.csproj", "{AD25377C-A151-44C9-B10A-92F0392FABFE}"
EndProject
Project("{FAE04EC0-301F-11D3-BF4B-00C04F79EFBC}") = "IKVM.Reflection", "reflect\IKVM.Reflection.csproj", "{A6C06047-67B8-476D-86F1-71B93699D283}"
EndProject
Project("{FAE04EC0-301F-11D3-BF4B-00C04F79EFBC}") = "ikvmstub", "ikvmstub\ikvmstub.csproj", "{269A094B-F4E7-42D8-9E8F-6B3FCD0838E5}"
EndProject
Project("{2150E333-8FDC-42A3-9474-1A3956D46DE8}") = "runtime", "runtime", "{4036D787-45ED-4D4D-A4B2-CE601761849C}"
EndProject
Project("{FAE04EC0-301F-11D3-BF4B-00C04F79EFBC}") = "DummyLibrary", "runtime\DummyLibrary\DummyLibrary.csproj", "{FF81D9DC-D900-4331-81A0-64F5017D3DB9}"
EndProject
Project("{FAE04EC0-301F-11D3-BF4B-00C04F79EFBC}") = "IKVM.Runtime.FirstPass", "runtime\IKVM.Runtime.FirstPass\IKVM.Runtime.FirstPass.csproj", "{E6154FD7-3DAD-43EB-8CFC-29CDD20B9E89}"
EndProject
Project("{2150E333-8FDC-42A3-9474-1A3956D46DE8}") = "awt", "awt", "{046EA80F-B78D-475F-98BF-4395B52C0937}"
EndProject
Project("{FAE04EC0-301F-11D3-BF4B-00C04F79EFBC}") = "IKVM.AWT.WinForms.FirstPass", "awt\IKVM.AWT.WinForms.FirstPass\IKVM.AWT.WinForms.FirstPass.csproj", "{FDEACBED-9717-4313-B29B-8787CC4151BB}"
EndProject
Project("{FAE04EC0-301F-11D3-BF4B-00C04F79EFBC}") = "ikvmc", "ikvmc\ikvmc.csproj", "{30C8AF15-DDF7-4EB0-8145-37E67C2A16AF}"
EndProject
Global
	GlobalSection(SolutionConfigurationPlatforms) = preSolution
		Debug|Any CPU = Debug|Any CPU
		Debug|x64 = Debug|x64
		Debug|x86 = Debug|x86
		Release|Any CPU = Release|Any CPU
		Release|x64 = Release|x64
		Release|x86 = Release|x86
	EndGlobalSection
	GlobalSection(SolutionProperties) = preSolution
		HideSolutionNode = FALSE
	EndGlobalSection
	GlobalSection(ProjectConfigurationPlatforms) = postSolution
		{081FB109-73EF-4E0F-A208-1E9C973F56F8}.Debug|Any CPU.ActiveCfg = Debug|Any CPU
		{081FB109-73EF-4E0F-A208-1E9C973F56F8}.Debug|Any CPU.Build.0 = Debug|Any CPU
		{081FB109-73EF-4E0F-A208-1E9C973F56F8}.Debug|x64.ActiveCfg = Debug|Any CPU
		{081FB109-73EF-4E0F-A208-1E9C973F56F8}.Debug|x64.Build.0 = Debug|Any CPU
		{081FB109-73EF-4E0F-A208-1E9C973F56F8}.Debug|x86.ActiveCfg = Debug|Any CPU
		{081FB109-73EF-4E0F-A208-1E9C973F56F8}.Debug|x86.Build.0 = Debug|Any CPU
		{081FB109-73EF-4E0F-A208-1E9C973F56F8}.Release|Any CPU.ActiveCfg = Release|Any CPU
		{081FB109-73EF-4E0F-A208-1E9C973F56F8}.Release|Any CPU.Build.0 = Release|Any CPU
		{081FB109-73EF-4E0F-A208-1E9C973F56F8}.Release|x64.ActiveCfg = Release|Any CPU
		{081FB109-73EF-4E0F-A208-1E9C973F56F8}.Release|x64.Build.0 = Release|Any CPU
		{081FB109-73EF-4E0F-A208-1E9C973F56F8}.Release|x86.ActiveCfg = Release|Any CPU
		{081FB109-73EF-4E0F-A208-1E9C973F56F8}.Release|x86.Build.0 = Release|Any CPU
		{7E462B4A-155F-4CFE-8107-5A5AF419FDA8}.Debug|Any CPU.ActiveCfg = Debug|Any CPU
		{7E462B4A-155F-4CFE-8107-5A5AF419FDA8}.Debug|Any CPU.Build.0 = Debug|Any CPU
		{7E462B4A-155F-4CFE-8107-5A5AF419FDA8}.Debug|x64.ActiveCfg = Debug|Any CPU
		{7E462B4A-155F-4CFE-8107-5A5AF419FDA8}.Debug|x64.Build.0 = Debug|Any CPU
		{7E462B4A-155F-4CFE-8107-5A5AF419FDA8}.Debug|x86.ActiveCfg = Debug|Any CPU
		{7E462B4A-155F-4CFE-8107-5A5AF419FDA8}.Debug|x86.Build.0 = Debug|Any CPU
		{7E462B4A-155F-4CFE-8107-5A5AF419FDA8}.Release|Any CPU.ActiveCfg = Release|Any CPU
		{7E462B4A-155F-4CFE-8107-5A5AF419FDA8}.Release|Any CPU.Build.0 = Release|Any CPU
		{7E462B4A-155F-4CFE-8107-5A5AF419FDA8}.Release|x64.ActiveCfg = Release|Any CPU
		{7E462B4A-155F-4CFE-8107-5A5AF419FDA8}.Release|x64.Build.0 = Release|Any CPU
		{7E462B4A-155F-4CFE-8107-5A5AF419FDA8}.Release|x86.ActiveCfg = Release|Any CPU
		{7E462B4A-155F-4CFE-8107-5A5AF419FDA8}.Release|x86.Build.0 = Release|Any CPU
		{FE48AAFC-322B-47F3-9DC7-996A5D09431E}.Debug|Any CPU.ActiveCfg = Debug|Any CPU
		{FE48AAFC-322B-47F3-9DC7-996A5D09431E}.Debug|Any CPU.Build.0 = Debug|Any CPU
		{FE48AAFC-322B-47F3-9DC7-996A5D09431E}.Debug|x64.ActiveCfg = Debug|Any CPU
		{FE48AAFC-322B-47F3-9DC7-996A5D09431E}.Debug|x64.Build.0 = Debug|Any CPU
		{FE48AAFC-322B-47F3-9DC7-996A5D09431E}.Debug|x86.ActiveCfg = Debug|Any CPU
		{FE48AAFC-322B-47F3-9DC7-996A5D09431E}.Debug|x86.Build.0 = Debug|Any CPU
		{FE48AAFC-322B-47F3-9DC7-996A5D09431E}.Release|Any CPU.ActiveCfg = Release|Any CPU
		{FE48AAFC-322B-47F3-9DC7-996A5D09431E}.Release|Any CPU.Build.0 = Release|Any CPU
		{FE48AAFC-322B-47F3-9DC7-996A5D09431E}.Release|x64.ActiveCfg = Release|Any CPU
		{FE48AAFC-322B-47F3-9DC7-996A5D09431E}.Release|x64.Build.0 = Release|Any CPU
		{FE48AAFC-322B-47F3-9DC7-996A5D09431E}.Release|x86.ActiveCfg = Release|Any CPU
		{FE48AAFC-322B-47F3-9DC7-996A5D09431E}.Release|x86.Build.0 = Release|Any CPU
		{AD25377C-A151-44C9-B10A-92F0392FABFE}.Debug|Any CPU.ActiveCfg = Debug|Any CPU
		{AD25377C-A151-44C9-B10A-92F0392FABFE}.Debug|Any CPU.Build.0 = Debug|Any CPU
		{AD25377C-A151-44C9-B10A-92F0392FABFE}.Debug|x64.ActiveCfg = Debug|Any CPU
		{AD25377C-A151-44C9-B10A-92F0392FABFE}.Debug|x64.Build.0 = Debug|Any CPU
		{AD25377C-A151-44C9-B10A-92F0392FABFE}.Debug|x86.ActiveCfg = Debug|Any CPU
		{AD25377C-A151-44C9-B10A-92F0392FABFE}.Debug|x86.Build.0 = Debug|Any CPU
		{AD25377C-A151-44C9-B10A-92F0392FABFE}.Release|Any CPU.ActiveCfg = Release|Any CPU
		{AD25377C-A151-44C9-B10A-92F0392FABFE}.Release|Any CPU.Build.0 = Release|Any CPU
		{AD25377C-A151-44C9-B10A-92F0392FABFE}.Release|x64.ActiveCfg = Release|Any CPU
		{AD25377C-A151-44C9-B10A-92F0392FABFE}.Release|x64.Build.0 = Release|Any CPU
		{AD25377C-A151-44C9-B10A-92F0392FABFE}.Release|x86.ActiveCfg = Release|Any CPU
		{AD25377C-A151-44C9-B10A-92F0392FABFE}.Release|x86.Build.0 = Release|Any CPU
		{A6C06047-67B8-476D-86F1-71B93699D283}.Debug|Any CPU.ActiveCfg = Debug|Any CPU
		{A6C06047-67B8-476D-86F1-71B93699D283}.Debug|Any CPU.Build.0 = Debug|Any CPU
		{A6C06047-67B8-476D-86F1-71B93699D283}.Debug|x64.ActiveCfg = Debug|Any CPU
		{A6C06047-67B8-476D-86F1-71B93699D283}.Debug|x64.Build.0 = Debug|Any CPU
		{A6C06047-67B8-476D-86F1-71B93699D283}.Debug|x86.ActiveCfg = Debug|Any CPU
		{A6C06047-67B8-476D-86F1-71B93699D283}.Debug|x86.Build.0 = Debug|Any CPU
		{A6C06047-67B8-476D-86F1-71B93699D283}.Release|Any CPU.ActiveCfg = Release|Any CPU
		{A6C06047-67B8-476D-86F1-71B93699D283}.Release|Any CPU.Build.0 = Release|Any CPU
		{A6C06047-67B8-476D-86F1-71B93699D283}.Release|x64.ActiveCfg = Release|Any CPU
		{A6C06047-67B8-476D-86F1-71B93699D283}.Release|x64.Build.0 = Release|Any CPU
		{A6C06047-67B8-476D-86F1-71B93699D283}.Release|x86.ActiveCfg = Release|Any CPU
		{A6C06047-67B8-476D-86F1-71B93699D283}.Release|x86.Build.0 = Release|Any CPU
		{269A094B-F4E7-42D8-9E8F-6B3FCD0838E5}.Debug|Any CPU.ActiveCfg = Debug|Any CPU
		{269A094B-F4E7-42D8-9E8F-6B3FCD0838E5}.Debug|Any CPU.Build.0 = Debug|Any CPU
		{269A094B-F4E7-42D8-9E8F-6B3FCD0838E5}.Debug|x64.ActiveCfg = Debug|Any CPU
		{269A094B-F4E7-42D8-9E8F-6B3FCD0838E5}.Debug|x64.Build.0 = Debug|Any CPU
		{269A094B-F4E7-42D8-9E8F-6B3FCD0838E5}.Debug|x86.ActiveCfg = Debug|Any CPU
		{269A094B-F4E7-42D8-9E8F-6B3FCD0838E5}.Debug|x86.Build.0 = Debug|Any CPU
		{269A094B-F4E7-42D8-9E8F-6B3FCD0838E5}.Release|Any CPU.ActiveCfg = Release|Any CPU
		{269A094B-F4E7-42D8-9E8F-6B3FCD0838E5}.Release|Any CPU.Build.0 = Release|Any CPU
		{269A094B-F4E7-42D8-9E8F-6B3FCD0838E5}.Release|x64.ActiveCfg = Release|Any CPU
		{269A094B-F4E7-42D8-9E8F-6B3FCD0838E5}.Release|x64.Build.0 = Release|Any CPU
		{269A094B-F4E7-42D8-9E8F-6B3FCD0838E5}.Release|x86.ActiveCfg = Release|Any CPU
		{269A094B-F4E7-42D8-9E8F-6B3FCD0838E5}.Release|x86.Build.0 = Release|Any CPU
		{FF81D9DC-D900-4331-81A0-64F5017D3DB9}.Debug|Any CPU.ActiveCfg = Debug|Any CPU
		{FF81D9DC-D900-4331-81A0-64F5017D3DB9}.Debug|Any CPU.Build.0 = Debug|Any CPU
		{FF81D9DC-D900-4331-81A0-64F5017D3DB9}.Debug|x64.ActiveCfg = Debug|Any CPU
		{FF81D9DC-D900-4331-81A0-64F5017D3DB9}.Debug|x64.Build.0 = Debug|Any CPU
		{FF81D9DC-D900-4331-81A0-64F5017D3DB9}.Debug|x86.ActiveCfg = Debug|Any CPU
		{FF81D9DC-D900-4331-81A0-64F5017D3DB9}.Debug|x86.Build.0 = Debug|Any CPU
		{FF81D9DC-D900-4331-81A0-64F5017D3DB9}.Release|Any CPU.ActiveCfg = Release|Any CPU
		{FF81D9DC-D900-4331-81A0-64F5017D3DB9}.Release|Any CPU.Build.0 = Release|Any CPU
		{FF81D9DC-D900-4331-81A0-64F5017D3DB9}.Release|x64.ActiveCfg = Release|Any CPU
		{FF81D9DC-D900-4331-81A0-64F5017D3DB9}.Release|x64.Build.0 = Release|Any CPU
		{FF81D9DC-D900-4331-81A0-64F5017D3DB9}.Release|x86.ActiveCfg = Release|Any CPU
		{FF81D9DC-D900-4331-81A0-64F5017D3DB9}.Release|x86.Build.0 = Release|Any CPU
		{E6154FD7-3DAD-43EB-8CFC-29CDD20B9E89}.Debug|Any CPU.ActiveCfg = Debug|Any CPU
		{E6154FD7-3DAD-43EB-8CFC-29CDD20B9E89}.Debug|Any CPU.Build.0 = Debug|Any CPU
		{E6154FD7-3DAD-43EB-8CFC-29CDD20B9E89}.Debug|x64.ActiveCfg = Debug|Any CPU
		{E6154FD7-3DAD-43EB-8CFC-29CDD20B9E89}.Debug|x64.Build.0 = Debug|Any CPU
		{E6154FD7-3DAD-43EB-8CFC-29CDD20B9E89}.Debug|x86.ActiveCfg = Debug|Any CPU
		{E6154FD7-3DAD-43EB-8CFC-29CDD20B9E89}.Debug|x86.Build.0 = Debug|Any CPU
		{E6154FD7-3DAD-43EB-8CFC-29CDD20B9E89}.Release|Any CPU.ActiveCfg = Release|Any CPU
		{E6154FD7-3DAD-43EB-8CFC-29CDD20B9E89}.Release|Any CPU.Build.0 = Release|Any CPU
		{E6154FD7-3DAD-43EB-8CFC-29CDD20B9E89}.Release|x64.ActiveCfg = Release|Any CPU
		{E6154FD7-3DAD-43EB-8CFC-29CDD20B9E89}.Release|x64.Build.0 = Release|Any CPU
		{E6154FD7-3DAD-43EB-8CFC-29CDD20B9E89}.Release|x86.ActiveCfg = Release|Any CPU
		{E6154FD7-3DAD-43EB-8CFC-29CDD20B9E89}.Release|x86.Build.0 = Release|Any CPU
		{FDEACBED-9717-4313-B29B-8787CC4151BB}.Debug|Any CPU.ActiveCfg = Debug|Any CPU
		{FDEACBED-9717-4313-B29B-8787CC4151BB}.Debug|Any CPU.Build.0 = Debug|Any CPU
		{FDEACBED-9717-4313-B29B-8787CC4151BB}.Debug|x64.ActiveCfg = Debug|Any CPU
		{FDEACBED-9717-4313-B29B-8787CC4151BB}.Debug|x64.Build.0 = Debug|Any CPU
		{FDEACBED-9717-4313-B29B-8787CC4151BB}.Debug|x86.ActiveCfg = Debug|Any CPU
		{FDEACBED-9717-4313-B29B-8787CC4151BB}.Debug|x86.Build.0 = Debug|Any CPU
		{FDEACBED-9717-4313-B29B-8787CC4151BB}.Release|Any CPU.ActiveCfg = Release|Any CPU
		{FDEACBED-9717-4313-B29B-8787CC4151BB}.Release|Any CPU.Build.0 = Release|Any CPU
		{FDEACBED-9717-4313-B29B-8787CC4151BB}.Release|x64.ActiveCfg = Release|Any CPU
		{FDEACBED-9717-4313-B29B-8787CC4151BB}.Release|x64.Build.0 = Release|Any CPU
		{FDEACBED-9717-4313-B29B-8787CC4151BB}.Release|x86.ActiveCfg = Release|Any CPU
		{FDEACBED-9717-4313-B29B-8787CC4151BB}.Release|x86.Build.0 = Release|Any CPU
		{30C8AF15-DDF7-4EB0-8145-37E67C2A16AF}.Debug|Any CPU.ActiveCfg = Debug|Any CPU
		{30C8AF15-DDF7-4EB0-8145-37E67C2A16AF}.Debug|Any CPU.Build.0 = Debug|Any CPU
		{30C8AF15-DDF7-4EB0-8145-37E67C2A16AF}.Debug|x64.ActiveCfg = Debug|Any CPU
		{30C8AF15-DDF7-4EB0-8145-37E67C2A16AF}.Debug|x64.Build.0 = Debug|Any CPU
		{30C8AF15-DDF7-4EB0-8145-37E67C2A16AF}.Debug|x86.ActiveCfg = Debug|Any CPU
		{30C8AF15-DDF7-4EB0-8145-37E67C2A16AF}.Debug|x86.Build.0 = Debug|Any CPU
		{30C8AF15-DDF7-4EB0-8145-37E67C2A16AF}.Release|Any CPU.ActiveCfg = Release|Any CPU
		{30C8AF15-DDF7-4EB0-8145-37E67C2A16AF}.Release|Any CPU.Build.0 = Release|Any CPU
		{30C8AF15-DDF7-4EB0-8145-37E67C2A16AF}.Release|x64.ActiveCfg = Release|Any CPU
		{30C8AF15-DDF7-4EB0-8145-37E67C2A16AF}.Release|x64.Build.0 = Release|Any CPU
		{30C8AF15-DDF7-4EB0-8145-37E67C2A16AF}.Release|x86.ActiveCfg = Release|Any CPU
		{30C8AF15-DDF7-4EB0-8145-37E67C2A16AF}.Release|x86.Build.0 = Release|Any CPU
	EndGlobalSection
	GlobalSection(NestedProjects) = preSolution
		{081FB109-73EF-4E0F-A208-1E9C973F56F8} = {5DEDAAEA-7366-4B17-BB32-76FFAEF97B76}
		{7E462B4A-155F-4CFE-8107-5A5AF419FDA8} = {5DEDAAEA-7366-4B17-BB32-76FFAEF97B76}
		{FE48AAFC-322B-47F3-9DC7-996A5D09431E} = {5DEDAAEA-7366-4B17-BB32-76FFAEF97B76}
		{AD25377C-A151-44C9-B10A-92F0392FABFE} = {5DEDAAEA-7366-4B17-BB32-76FFAEF97B76}
		{FF81D9DC-D900-4331-81A0-64F5017D3DB9} = {4036D787-45ED-4D4D-A4B2-CE601761849C}
		{E6154FD7-3DAD-43EB-8CFC-29CDD20B9E89} = {4036D787-45ED-4D4D-A4B2-CE601761849C}
		{FDEACBED-9717-4313-B29B-8787CC4151BB} = {046EA80F-B78D-475F-98BF-4395B52C0937}
	EndGlobalSection
EndGlobal
