
Microsoft Visual Studio Solution File, Format Version 12.00
# Visual Studio Version 17
VisualStudioVersion = 17.2.32505.173
MinimumVisualStudioVersion = 10.0.40219.1
Project("{9A19103F-16F7-4668-BE54-9A1E7A4F7556}") = "IKVM.Runtime", "src\IKVM.Runtime\IKVM.Runtime.csproj", "{1DAD30CB-7FF9-47AC-92B2-0F46003EB6A4}"
EndProject
Project("{9A19103F-16F7-4668-BE54-9A1E7A4F7556}") = "IKVM.Runtime-ref", "src\IKVM.Runtime-ref\IKVM.Runtime-ref.csproj", "{197EF0EC-63E2-4644-AF25-054B931DDB55}"
EndProject
Project("{9A19103F-16F7-4668-BE54-9A1E7A4F7556}") = "ikvmstub", "src\ikvmstub\ikvmstub.csproj", "{0A87FF49-AC9D-479A-ACBB-F4028A0BE1F7}"
EndProject
Project("{9A19103F-16F7-4668-BE54-9A1E7A4F7556}") = "ikvmc", "src\ikvmc\ikvmc.csproj", "{2F29E48C-63C3-4E47-BCBA-A7454B9119CF}"
EndProject
Project("{9A19103F-16F7-4668-BE54-9A1E7A4F7556}") = "IKVM.Reflection", "src\IKVM.Reflection\IKVM.Reflection.csproj", "{01A67032-A76E-400D-9DA8-A58CE10A5FCD}"
EndProject
Project("{2150E333-8FDC-42A3-9474-1A3956D46DE8}") = "Solution Items", "Solution Items", "{90150B24-0F40-41BB-95EF-D95F50BF06BE}"
	ProjectSection(SolutionItems) = preProject
		.gitattributes = .gitattributes
		.gitignore = .gitignore
		.gitmodules = .gitmodules
		CONTRIBUTING.md = CONTRIBUTING.md
		Directory.Build.props = Directory.Build.props
		Directory.Build.targets = Directory.Build.targets
		GitVersion.yml = GitVersion.yml
		global.json = global.json
		IKVM.deps.props = IKVM.deps.props
		IKVM.dist.msbuildproj = IKVM.dist.msbuildproj
		IKVM.refs.props = IKVM.refs.props
		.github\workflows\IKVM.yml = .github\workflows\IKVM.yml
		jtreg.props = jtreg.props
		LICENSE.md = LICENSE.md
		openjdk.props = openjdk.props
		README.md = README.md
	EndProjectSection
EndProject
Project("{9A19103F-16F7-4668-BE54-9A1E7A4F7556}") = "IKVM.Java-ref", "src\IKVM.Java-ref\IKVM.Java-ref.csproj", "{43BA164D-41F3-4563-BDB0-EEF56CE49309}"
EndProject
Project("{9A19103F-16F7-4668-BE54-9A1E7A4F7556}") = "IKVM.Tests", "src\IKVM.Tests\IKVM.Tests.csproj", "{BE0445A8-947D-485D-A183-0686D2AE23F8}"
EndProject
Project("{9A19103F-16F7-4668-BE54-9A1E7A4F7556}") = "IKVM.Tools.Runner", "src\IKVM.Tools.Runner\IKVM.Tools.Runner.csproj", "{8267A3D1-2B36-471C-9E9F-2E1B0C223632}"
EndProject
Project("{8BC9CEB8-8B4A-11D0-8D11-00A0C91BC942}") = "ikvm-tests-native-win", "src\ikvm-tests-native\ikvm-tests-native-win.vcxproj", "{A275C11D-F06E-475F-AEBA-7F7A1EF8D140}"
EndProject
Project("{8BC9CEB8-8B4A-11D0-8D11-00A0C91BC942}") = "ikvm-tests-native-linux", "src\ikvm-tests-native\ikvm-tests-native-linux.vcxproj", "{E566FE94-C551-43A7-843C-5E8199CA7373}"
EndProject
Project("{2150E333-8FDC-42A3-9474-1A3956D46DE8}") = "ikvm-tests-native", "ikvm-tests-native", "{B6083619-C4E8-4D8E-95BD-217E3663134C}"
EndProject
Project("{9A19103F-16F7-4668-BE54-9A1E7A4F7556}") = "IKVM.Tests.Util", "src\IKVM.Tests.Util\IKVM.Tests.Util.csproj", "{E2C71F2E-2940-4990-A618-E7E47C00D6A6}"
EndProject
Project("{9A19103F-16F7-4668-BE54-9A1E7A4F7556}") = "IKVM.Util", "src\IKVM.Util\IKVM.Util.csproj", "{ADACA319-6E64-4351-8E00-FB03B98BFC8C}"
EndProject
Project("{9A19103F-16F7-4668-BE54-9A1E7A4F7556}") = "IKVM.MSBuild.Tasks", "src\IKVM.MSBuild.Tasks\IKVM.MSBuild.Tasks.csproj", "{158C3707-74CC-429B-8348-F5B08584F4F6}"
EndProject
Project("{9A19103F-16F7-4668-BE54-9A1E7A4F7556}") = "IKVM.MSBuild.Tests", "src\IKVM.MSBuild.Tests\IKVM.MSBuild.Tests.csproj", "{9AD9F640-FDA2-49E5-9B0F-9BD66BA26F11}"
	ProjectSection(ProjectDependencies) = postProject
		{005AD593-ADEC-4646-80F9-4E866B7D8533} = {005AD593-ADEC-4646-80F9-4E866B7D8533}
		{04D3450A-9443-48C4-9BF0-4ADC8C5E35C5} = {04D3450A-9443-48C4-9BF0-4ADC8C5E35C5}
		{27D0142E-7643-4E64-A6B2-995E76EF00A2} = {27D0142E-7643-4E64-A6B2-995E76EF00A2}
		{2D787827-44DA-406C-8DAC-34CE61D658B0} = {2D787827-44DA-406C-8DAC-34CE61D658B0}
		{3E91FECF-80C0-463C-AD62-40062E0D313F} = {3E91FECF-80C0-463C-AD62-40062E0D313F}
		{437506E7-B124-4808-8AE7-8864AC9EA36A} = {437506E7-B124-4808-8AE7-8864AC9EA36A}
		{5D5A51AC-95FE-42DE-BEBE-560109003C1D} = {5D5A51AC-95FE-42DE-BEBE-560109003C1D}
		{71444CB1-778F-4DD5-9BDF-ACB310C97345} = {71444CB1-778F-4DD5-9BDF-ACB310C97345}
		{8068292D-8B2E-417B-B7CE-0E7159881C50} = {8068292D-8B2E-417B-B7CE-0E7159881C50}
		{833EAB0B-F2EE-47B5-8A54-EDE4DC655122} = {833EAB0B-F2EE-47B5-8A54-EDE4DC655122}
		{9076FCBF-A85C-4118-8E29-013B06B1421B} = {9076FCBF-A85C-4118-8E29-013B06B1421B}
		{95C8865C-AB87-4998-880E-38B7F76BAC57} = {95C8865C-AB87-4998-880E-38B7F76BAC57}
		{95F23908-2D65-40C7-9EF1-B5C8543503AA} = {95F23908-2D65-40C7-9EF1-B5C8543503AA}
		{9AE06A6D-1335-482C-8ABF-2FE1BADF5AD7} = {9AE06A6D-1335-482C-8ABF-2FE1BADF5AD7}
		{AE5BFBC6-7DD4-4ACA-BEA7-86F842F38B64} = {AE5BFBC6-7DD4-4ACA-BEA7-86F842F38B64}
		{BE31AC7C-79CC-4180-A5E8-BEB3FD7579DC} = {BE31AC7C-79CC-4180-A5E8-BEB3FD7579DC}
		{CBB5E3B3-2B0F-41F3-8110-FDD9614FCE5D} = {CBB5E3B3-2B0F-41F3-8110-FDD9614FCE5D}
		{DF09A175-C790-434D-9810-A6BBB3EEC548} = {DF09A175-C790-434D-9810-A6BBB3EEC548}
		{EC20F011-6846-405D-B6CA-2C851DAF50B0} = {EC20F011-6846-405D-B6CA-2C851DAF50B0}
		{F162126C-DA9C-4195-B295-CF1020DBA98A} = {F162126C-DA9C-4195-B295-CF1020DBA98A}
	EndProjectSection
EndProject
Project("{9A19103F-16F7-4668-BE54-9A1E7A4F7556}") = "IKVM.MSBuild.Tasks.Tests", "src\IKVM.MSBuild.Tasks.Tests\IKVM.MSBuild.Tasks.Tests.csproj", "{E7C0E8FA-F34C-48C6-AD55-FD9798F5BC71}"
	ProjectSection(ProjectDependencies) = postProject
		{2F29E48C-63C3-4E47-BCBA-A7454B9119CF} = {2F29E48C-63C3-4E47-BCBA-A7454B9119CF}
	EndProjectSection
EndProject
Project("{9A19103F-16F7-4668-BE54-9A1E7A4F7556}") = "IKVM.Java", "src\IKVM.Java\IKVM.Java.msbuildproj", "{ABD81C7E-F986-4018-986E-ACAF82C64D3A}"
	ProjectSection(ProjectDependencies) = postProject
		{0A87FF49-AC9D-479A-ACBB-F4028A0BE1F7} = {0A87FF49-AC9D-479A-ACBB-F4028A0BE1F7}
		{17979A73-C0CE-41CD-B54F-4E72B998E6D0} = {17979A73-C0CE-41CD-B54F-4E72B998E6D0}
		{2F29E48C-63C3-4E47-BCBA-A7454B9119CF} = {2F29E48C-63C3-4E47-BCBA-A7454B9119CF}
		{50954AE0-E513-4CE7-AC8E-F3896CA0BEB7} = {50954AE0-E513-4CE7-AC8E-F3896CA0BEB7}
	EndProjectSection
EndProject
Project("{9A19103F-16F7-4668-BE54-9A1E7A4F7556}") = "IKVM.NET.Sdk", "src\IKVM.NET.Sdk\IKVM.NET.Sdk.msbuildproj", "{704BD7C7-7746-4D72-A86E-ECFE7BBD80CC}"
EndProject
Project("{9A19103F-16F7-4668-BE54-9A1E7A4F7556}") = "IKVM.MSBuild", "src\IKVM.MSBuild\IKVM.MSBuild.msbuildproj", "{AE5BFBC6-7DD4-4ACA-BEA7-86F842F38B64}"
	ProjectSection(ProjectDependencies) = postProject
		{158C3707-74CC-429B-8348-F5B08584F4F6} = {158C3707-74CC-429B-8348-F5B08584F4F6}
	EndProjectSection
EndProject
Project("{9A19103F-16F7-4668-BE54-9A1E7A4F7556}") = "IKVM", "src\IKVM\IKVM.csproj", "{95F23908-2D65-40C7-9EF1-B5C8543503AA}"
EndProject
Project("{9A19103F-16F7-4668-BE54-9A1E7A4F7556}") = "IKVM.NET.Sdk.Tests", "src\IKVM.NET.Sdk.Tests\IKVM.NET.Sdk.Tests.csproj", "{AE845ECA-89DE-481C-9C58-7475C8E4FAA6}"
EndProject
Project("{9A19103F-16F7-4668-BE54-9A1E7A4F7556}") = "IKVM.Tools.Exporter", "src\IKVM.Tools.Exporter\IKVM.Tools.Exporter.csproj", "{17979A73-C0CE-41CD-B54F-4E72B998E6D0}"
EndProject
Project("{9A19103F-16F7-4668-BE54-9A1E7A4F7556}") = "IKVM.Tools.Exporter.Tests", "src\IKVM.Tools.Exporter.Tests\IKVM.Tools.Exporter.Tests.csproj", "{EFF93C65-3F45-48B6-9178-1E68ADD41974}"
EndProject
Project("{9A19103F-16F7-4668-BE54-9A1E7A4F7556}") = "IKVM.Tools.Tests", "src\IKVM.Tools.Tests\IKVM.Tools.Tests.csproj", "{8C95ECC6-E996-4DA0-A4C8-F05373CBB0EA}"
EndProject
Project("{9A19103F-16F7-4668-BE54-9A1E7A4F7556}") = "javac", "src\javac\javac.msbuildproj", "{78BE5834-EC02-48C5-A83A-2693D777375A}"
EndProject
Project("{9A19103F-16F7-4668-BE54-9A1E7A4F7556}") = "java", "src\java\java.csproj", "{4F7D51D0-F52D-46EF-94DF-C4081587FBB4}"
EndProject
Project("{9A19103F-16F7-4668-BE54-9A1E7A4F7556}") = "IKVM.OpenJDK.Tests", "src\IKVM.OpenJDK.Tests\IKVM.OpenJDK.Tests.csproj", "{32C0A6DA-5A2D-40FE-91B0-0B341FB1D4FD}"
EndProject
Project("{9A19103F-16F7-4668-BE54-9A1E7A4F7556}") = "IKVM.JTReg.TestAdapter", "src\IKVM.JTReg.TestAdapter\IKVM.JTReg.TestAdapter.csproj", "{4A119F2F-6128-4D6C-B8D1-CE874CACCCC7}"
EndProject
Project("{9A19103F-16F7-4668-BE54-9A1E7A4F7556}") = "IKVM.JTReg.TestAdapter.Tests", "src\IKVM.JTReg.TestAdapter.Tests\IKVM.JTReg.TestAdapter.Tests.csproj", "{7D2B4609-6AD6-4F6C-ACDB-F5278A1FCA89}"
EndProject
Project("{9A19103F-16F7-4668-BE54-9A1E7A4F7556}") = "IKVM.Java.Extensions", "src\IKVM.Java.Extensions\IKVM.Java.Extensions.csproj", "{6ABB187B-EBF6-4726-965B-2D19F3846099}"
EndProject
Project("{9A19103F-16F7-4668-BE54-9A1E7A4F7556}") = "rmic", "src\rmic\rmic.msbuildproj", "{1685EDBF-1A43-46C1-BC3B-378C909CA3DF}"
EndProject
Project("{9A19103F-16F7-4668-BE54-9A1E7A4F7556}") = "jar", "src\jar\jar.msbuildproj", "{B240F8BA-6C35-4C19-9035-2821CC6BFEA8}"
EndProject
Project("{9A19103F-16F7-4668-BE54-9A1E7A4F7556}") = "jarsigner", "src\jarsigner\jarsigner.msbuildproj", "{C6C34134-D80C-43CC-A477-32B4172374D2}"
EndProject
Project("{9A19103F-16F7-4668-BE54-9A1E7A4F7556}") = "javadoc", "src\javadoc\javadoc.msbuildproj", "{4371190E-AD8B-4625-A520-B745B05DE005}"
EndProject
Project("{9A19103F-16F7-4668-BE54-9A1E7A4F7556}") = "keytool", "src\keytool\keytool.msbuildproj", "{7C7BCE2E-88CE-4EA8-863E-37F6B8A824C4}"
EndProject
Project("{9A19103F-16F7-4668-BE54-9A1E7A4F7556}") = "policytool", "src\policytool\policytool.msbuildproj", "{B2EF307F-90AA-4CFE-B7F3-FF741545E35B}"
EndProject
Project("{9A19103F-16F7-4668-BE54-9A1E7A4F7556}") = "javah", "src\javah\javah.msbuildproj", "{2B536749-A2CD-4873-803A-5553D25E88EC}"
EndProject
Project("{9A19103F-16F7-4668-BE54-9A1E7A4F7556}") = "javap", "src\javap\javap.msbuildproj", "{03F00630-3625-440D-BE43-51751FCE7806}"
EndProject
Project("{9A19103F-16F7-4668-BE54-9A1E7A4F7556}") = "jdeps", "src\jdeps\jdeps.msbuildproj", "{FB1F02F2-3A18-49CC-A288-EC0834D90EED}"
EndProject
Project("{9A19103F-16F7-4668-BE54-9A1E7A4F7556}") = "wsgen", "src\wsgen\wsgen.msbuildproj", "{ECF6B110-DF3B-4D29-91C8-45AD4C7D4B17}"
EndProject
Project("{9A19103F-16F7-4668-BE54-9A1E7A4F7556}") = "wsimport", "src\wsimport\wsimport.msbuildproj", "{004561E2-DED0-464D-A7B9-85D98281FED4}"
EndProject
Project("{9A19103F-16F7-4668-BE54-9A1E7A4F7556}") = "IKVM.Image.JRE.runtime.linux-x64", "src\IKVM.Image.JRE.runtime.linux-x64\IKVM.Image.JRE.runtime.linux-x64.csproj", "{8068292D-8B2E-417B-B7CE-0E7159881C50}"
	ProjectSection(ProjectDependencies) = postProject
		{162A1F6D-7752-4686-A6C2-923633F4E4C0} = {162A1F6D-7752-4686-A6C2-923633F4E4C0}
	EndProjectSection
EndProject
Project("{9A19103F-16F7-4668-BE54-9A1E7A4F7556}") = "IKVM.Image.JRE.runtime.win7-x64", "src\IKVM.Image.JRE.runtime.win7-x64\IKVM.Image.JRE.runtime.win7-x64.csproj", "{27D0142E-7643-4E64-A6B2-995E76EF00A2}"
	ProjectSection(ProjectDependencies) = postProject
		{162A1F6D-7752-4686-A6C2-923633F4E4C0} = {162A1F6D-7752-4686-A6C2-923633F4E4C0}
	EndProjectSection
EndProject
Project("{9A19103F-16F7-4668-BE54-9A1E7A4F7556}") = "IKVM.Image.JDK.runtime.linux-x64", "src\IKVM.Image.JDK.runtime.linux-x64\IKVM.Image.JDK.runtime.linux-x64.csproj", "{BE31AC7C-79CC-4180-A5E8-BEB3FD7579DC}"
	ProjectSection(ProjectDependencies) = postProject
		{CCE3DE31-5DE7-4157-90D1-BAFA08C181EC} = {CCE3DE31-5DE7-4157-90D1-BAFA08C181EC}
	EndProjectSection
EndProject
Project("{9A19103F-16F7-4668-BE54-9A1E7A4F7556}") = "IKVM.Image.JDK.runtime.win7-x64", "src\IKVM.Image.JDK.runtime.win7-x64\IKVM.Image.JDK.runtime.win7-x64.csproj", "{71444CB1-778F-4DD5-9BDF-ACB310C97345}"
	ProjectSection(ProjectDependencies) = postProject
		{CCE3DE31-5DE7-4157-90D1-BAFA08C181EC} = {CCE3DE31-5DE7-4157-90D1-BAFA08C181EC}
	EndProjectSection
EndProject
Project("{9A19103F-16F7-4668-BE54-9A1E7A4F7556}") = "IKVM.Image", "src\IKVM.Image\IKVM.Image.csproj", "{95C8865C-AB87-4998-880E-38B7F76BAC57}"
EndProject
Project("{9A19103F-16F7-4668-BE54-9A1E7A4F7556}") = "IKVM.Image.JRE.runtime.win7-x86", "src\IKVM.Image.JRE.runtime.win7-x86\IKVM.Image.JRE.runtime.win7-x86.csproj", "{CBB5E3B3-2B0F-41F3-8110-FDD9614FCE5D}"
	ProjectSection(ProjectDependencies) = postProject
		{162A1F6D-7752-4686-A6C2-923633F4E4C0} = {162A1F6D-7752-4686-A6C2-923633F4E4C0}
	EndProjectSection
EndProject
Project("{9A19103F-16F7-4668-BE54-9A1E7A4F7556}") = "IKVM.Image.JDK.runtime.win7-x86", "src\IKVM.Image.JDK.runtime.win7-x86\IKVM.Image.JDK.runtime.win7-x86.csproj", "{3E91FECF-80C0-463C-AD62-40062E0D313F}"
	ProjectSection(ProjectDependencies) = postProject
		{CCE3DE31-5DE7-4157-90D1-BAFA08C181EC} = {CCE3DE31-5DE7-4157-90D1-BAFA08C181EC}
	EndProjectSection
EndProject
Project("{9A19103F-16F7-4668-BE54-9A1E7A4F7556}") = "IKVM.Image.JDK-bin", "src\IKVM.Image.JDK-bin\IKVM.Image.JDK-bin.csproj", "{CCE3DE31-5DE7-4157-90D1-BAFA08C181EC}"
	ProjectSection(ProjectDependencies) = postProject
		{004561E2-DED0-464D-A7B9-85D98281FED4} = {004561E2-DED0-464D-A7B9-85D98281FED4}
		{03F00630-3625-440D-BE43-51751FCE7806} = {03F00630-3625-440D-BE43-51751FCE7806}
		{1685EDBF-1A43-46C1-BC3B-378C909CA3DF} = {1685EDBF-1A43-46C1-BC3B-378C909CA3DF}
		{2B536749-A2CD-4873-803A-5553D25E88EC} = {2B536749-A2CD-4873-803A-5553D25E88EC}
		{4371190E-AD8B-4625-A520-B745B05DE005} = {4371190E-AD8B-4625-A520-B745B05DE005}
		{78BE5834-EC02-48C5-A83A-2693D777375A} = {78BE5834-EC02-48C5-A83A-2693D777375A}
		{7BC3FC79-5938-4CD7-9528-47D5DC18729E} = {7BC3FC79-5938-4CD7-9528-47D5DC18729E}
		{B240F8BA-6C35-4C19-9035-2821CC6BFEA8} = {B240F8BA-6C35-4C19-9035-2821CC6BFEA8}
		{C6C34134-D80C-43CC-A477-32B4172374D2} = {C6C34134-D80C-43CC-A477-32B4172374D2}
		{ECF6B110-DF3B-4D29-91C8-45AD4C7D4B17} = {ECF6B110-DF3B-4D29-91C8-45AD4C7D4B17}
		{FB1F02F2-3A18-49CC-A288-EC0834D90EED} = {FB1F02F2-3A18-49CC-A288-EC0834D90EED}
	EndProjectSection
EndProject
Project("{9A19103F-16F7-4668-BE54-9A1E7A4F7556}") = "IKVM.Image.JRE-bin", "src\IKVM.Image.JRE-bin\IKVM.Image.JRE-bin.csproj", "{162A1F6D-7752-4686-A6C2-923633F4E4C0}"
	ProjectSection(ProjectDependencies) = postProject
		{4F7D51D0-F52D-46EF-94DF-C4081587FBB4} = {4F7D51D0-F52D-46EF-94DF-C4081587FBB4}
		{7C7BCE2E-88CE-4EA8-863E-37F6B8A824C4} = {7C7BCE2E-88CE-4EA8-863E-37F6B8A824C4}
		{B2EF307F-90AA-4CFE-B7F3-FF741545E35B} = {B2EF307F-90AA-4CFE-B7F3-FF741545E35B}
	EndProjectSection
EndProject
Project("{9A19103F-16F7-4668-BE54-9A1E7A4F7556}") = "javac-ref", "src\javac-ref\javac-ref.msbuildproj", "{5DC963FD-6742-47BB-BC96-365B82F73C88}"
EndProject
Project("{9A19103F-16F7-4668-BE54-9A1E7A4F7556}") = "IKVM.Image.JDK.runtime.win81-arm", "src\IKVM.Image.JDK.runtime.win81-arm\IKVM.Image.JDK.runtime.win81-arm.csproj", "{9076FCBF-A85C-4118-8E29-013B06B1421B}"
	ProjectSection(ProjectDependencies) = postProject
		{CCE3DE31-5DE7-4157-90D1-BAFA08C181EC} = {CCE3DE31-5DE7-4157-90D1-BAFA08C181EC}
	EndProjectSection
EndProject
Project("{9A19103F-16F7-4668-BE54-9A1E7A4F7556}") = "IKVM.Image.JRE.runtime.win81-arm", "src\IKVM.Image.JRE.runtime.win81-arm\IKVM.Image.JRE.runtime.win81-arm.csproj", "{EC20F011-6846-405D-B6CA-2C851DAF50B0}"
	ProjectSection(ProjectDependencies) = postProject
		{162A1F6D-7752-4686-A6C2-923633F4E4C0} = {162A1F6D-7752-4686-A6C2-923633F4E4C0}
	EndProjectSection
EndProject
Project("{9A19103F-16F7-4668-BE54-9A1E7A4F7556}") = "IKVM.JTReg.TestAdapter.Core", "src\IKVM.JTReg.TestAdapter.Core\IKVM.JTReg.TestAdapter.Core.csproj", "{DD5AEB88-DC55-43C8-81C1-2879F73C8DE0}"
EndProject
Project("{9A19103F-16F7-4668-BE54-9A1E7A4F7556}") = "IKVM.Image.JDK.runtime.osx-x64", "src\IKVM.Image.JDK.runtime.osx-x64\IKVM.Image.JDK.runtime.osx-x64.csproj", "{011FF139-A9E6-4F10-BBC8-28BC1A38D966}"
EndProject
Project("{9A19103F-16F7-4668-BE54-9A1E7A4F7556}") = "IKVM.Image.JRE.runtime.osx-x64", "src\IKVM.Image.JRE.runtime.osx-x64\IKVM.Image.JRE.runtime.osx-x64.csproj", "{FD39DA19-C81E-4752-B308-43594CC201BB}"
EndProject
Project("{2150E333-8FDC-42A3-9474-1A3956D46DE8}") = "dist", "dist", "{F8B6B3D8-006C-4D8F-8883-EB48D9EB417F}"
EndProject
Project("{9A19103F-16F7-4668-BE54-9A1E7A4F7556}") = "dist-bin", "src\dist-bin\dist-bin.csproj", "{B60EC8AA-3CDF-45E4-9ACD-3246B375C027}"
EndProject
Project("{9A19103F-16F7-4668-BE54-9A1E7A4F7556}") = "dist-image", "src\dist-image\dist-image.csproj", "{6B933DD6-4393-4BAD-92F8-2C55E7FE9D15}"
EndProject
Project("{9A19103F-16F7-4668-BE54-9A1E7A4F7556}") = "dist-nuget", "src\dist-nuget\dist-nuget.csproj", "{6C106109-0131-4413-8D41-348256EADC7E}"
EndProject
Project("{9A19103F-16F7-4668-BE54-9A1E7A4F7556}") = "dist-tests", "src\dist-tests\dist-tests.csproj", "{5BBD66DA-83E0-4FCA-967E-75A87C21E89A}"
EndProject
Project("{9A19103F-16F7-4668-BE54-9A1E7A4F7556}") = "dist-tools", "src\dist-tools\dist-tools.csproj", "{04344989-84DC-4D21-BC9F-C4A23D251568}"
EndProject
Project("{9A19103F-16F7-4668-BE54-9A1E7A4F7556}") = "IKVM.MSBuild.Tools", "src\IKVM.MSBuild.Tools\IKVM.MSBuild.Tools.csproj", "{005AD593-ADEC-4646-80F9-4E866B7D8533}"
EndProject
Project("{9A19103F-16F7-4668-BE54-9A1E7A4F7556}") = "IKVM.MSBuild.Tools.runtime.win7-x64", "src\IKVM.MSBuild.Tools.runtime.win7-x64\IKVM.MSBuild.Tools.runtime.win7-x64.csproj", "{04D3450A-9443-48C4-9BF0-4ADC8C5E35C5}"
	ProjectSection(ProjectDependencies) = postProject
		{0A87FF49-AC9D-479A-ACBB-F4028A0BE1F7} = {0A87FF49-AC9D-479A-ACBB-F4028A0BE1F7}
		{2F29E48C-63C3-4E47-BCBA-A7454B9119CF} = {2F29E48C-63C3-4E47-BCBA-A7454B9119CF}
	EndProjectSection
EndProject
Project("{9A19103F-16F7-4668-BE54-9A1E7A4F7556}") = "IKVM.MSBuild.Tools.runtime.linux-x64", "src\IKVM.MSBuild.Tools.runtime.linux-x64\IKVM.MSBuild.Tools.runtime.linux-x64.csproj", "{F162126C-DA9C-4195-B295-CF1020DBA98A}"
EndProject
Project("{9A19103F-16F7-4668-BE54-9A1E7A4F7556}") = "IKVM.MSBuild.Tools.runtime.osx-x64", "src\IKVM.MSBuild.Tools.runtime.osx-x64\IKVM.MSBuild.Tools.runtime.osx-x64.csproj", "{E690EC25-3A73-408F-93B8-36990B2A9D0E}"
EndProject
Project("{9A19103F-16F7-4668-BE54-9A1E7A4F7556}") = "IKVM.Image.JDK.runtime.linux-arm64", "src\IKVM.Image.JDK.runtime.linux-arm64\IKVM.Image.JDK.runtime.linux-arm64.csproj", "{DF09A175-C790-434D-9810-A6BBB3EEC548}"
	ProjectSection(ProjectDependencies) = postProject
		{CCE3DE31-5DE7-4157-90D1-BAFA08C181EC} = {CCE3DE31-5DE7-4157-90D1-BAFA08C181EC}
	EndProjectSection
EndProject
Project("{9A19103F-16F7-4668-BE54-9A1E7A4F7556}") = "IKVM.Image.JRE.runtime.linux-arm64", "src\IKVM.Image.JRE.runtime.linux-arm64\IKVM.Image.JRE.runtime.linux-arm64.csproj", "{2D787827-44DA-406C-8DAC-34CE61D658B0}"
	ProjectSection(ProjectDependencies) = postProject
		{162A1F6D-7752-4686-A6C2-923633F4E4C0} = {162A1F6D-7752-4686-A6C2-923633F4E4C0}
	EndProjectSection
EndProject
Project("{9A19103F-16F7-4668-BE54-9A1E7A4F7556}") = "IKVM.MSBuild.Tools.runtime.linux-arm64", "src\IKVM.MSBuild.Tools.runtime.linux-arm64\IKVM.MSBuild.Tools.runtime.linux-arm64.csproj", "{5D5A51AC-95FE-42DE-BEBE-560109003C1D}"
	ProjectSection(ProjectDependencies) = postProject
		{0A87FF49-AC9D-479A-ACBB-F4028A0BE1F7} = {0A87FF49-AC9D-479A-ACBB-F4028A0BE1F7}
		{2F29E48C-63C3-4E47-BCBA-A7454B9119CF} = {2F29E48C-63C3-4E47-BCBA-A7454B9119CF}
	EndProjectSection
EndProject
Project("{9A19103F-16F7-4668-BE54-9A1E7A4F7556}") = "IKVM.MSBuild.Tools.runtime.linux-arm", "src\IKVM.MSBuild.Tools.runtime.linux-arm\IKVM.MSBuild.Tools.runtime.linux-arm.csproj", "{9AE06A6D-1335-482C-8ABF-2FE1BADF5AD7}"
	ProjectSection(ProjectDependencies) = postProject
		{0A87FF49-AC9D-479A-ACBB-F4028A0BE1F7} = {0A87FF49-AC9D-479A-ACBB-F4028A0BE1F7}
		{2F29E48C-63C3-4E47-BCBA-A7454B9119CF} = {2F29E48C-63C3-4E47-BCBA-A7454B9119CF}
	EndProjectSection
EndProject
Project("{9A19103F-16F7-4668-BE54-9A1E7A4F7556}") = "IKVM.Image.JDK.runtime.linux-arm", "src\IKVM.Image.JDK.runtime.linux-arm\IKVM.Image.JDK.runtime.linux-arm.csproj", "{437506E7-B124-4808-8AE7-8864AC9EA36A}"
	ProjectSection(ProjectDependencies) = postProject
		{CCE3DE31-5DE7-4157-90D1-BAFA08C181EC} = {CCE3DE31-5DE7-4157-90D1-BAFA08C181EC}
	EndProjectSection
EndProject
Project("{9A19103F-16F7-4668-BE54-9A1E7A4F7556}") = "IKVM.Image.JRE.runtime.linux-arm", "src\IKVM.Image.JRE.runtime.linux-arm\IKVM.Image.JRE.runtime.linux-arm.csproj", "{833EAB0B-F2EE-47B5-8A54-EDE4DC655122}"
	ProjectSection(ProjectDependencies) = postProject
		{162A1F6D-7752-4686-A6C2-923633F4E4C0} = {162A1F6D-7752-4686-A6C2-923633F4E4C0}
	EndProjectSection
EndProject
Project("{9A19103F-16F7-4668-BE54-9A1E7A4F7556}") = "native2ascii", "src\native2ascii\native2ascii.msbuildproj", "{7BC3FC79-5938-4CD7-9528-47D5DC18729E}"
EndProject
Project("{9A19103F-16F7-4668-BE54-9A1E7A4F7556}") = "IKVM.Image.JDK", "src\IKVM.Image.JDK\IKVM.Image.JDK.csproj", "{7C97E1C8-7FEB-4C2A-A149-7D77E15838BF}"
EndProject
Project("{9A19103F-16F7-4668-BE54-9A1E7A4F7556}") = "IKVM.Image.JRE", "src\IKVM.Image.JRE\IKVM.Image.JRE.csproj", "{819C752E-1F74-4447-9214-86EF337A1DEF}"
EndProject
Project("{9A19103F-16F7-4668-BE54-9A1E7A4F7556}") = "IKVM.Tools.Importer", "src\IKVM.Tools.Importer\IKVM.Tools.Importer.csproj", "{50954AE0-E513-4CE7-AC8E-F3896CA0BEB7}"
EndProject
Project("{9A19103F-16F7-4668-BE54-9A1E7A4F7556}") = "IKVM.Tools.Importer.Tests", "src\IKVM.Tools.Importer.Tests\IKVM.Tools.Importer.Tests.csproj", "{6C942D7C-654A-4CBE-B3A9-887A37D2FA4C}"
EndProject
Project("{9A19103F-16F7-4668-BE54-9A1E7A4F7556}") = "IKVM.Tests.Java", "src\IKVM.Tests.Java\IKVM.Tests.Java.msbuildproj", "{87CB99AE-16D1-4D58-BEAC-72485E02B321}"
EndProject
Global
	GlobalSection(SolutionConfigurationPlatforms) = preSolution
		Debug|Any CPU = Debug|Any CPU
		Release|Any CPU = Release|Any CPU
	EndGlobalSection
	GlobalSection(ProjectConfigurationPlatforms) = postSolution
		{1DAD30CB-7FF9-47AC-92B2-0F46003EB6A4}.Debug|Any CPU.ActiveCfg = Debug|Any CPU
		{1DAD30CB-7FF9-47AC-92B2-0F46003EB6A4}.Debug|Any CPU.Build.0 = Debug|Any CPU
		{1DAD30CB-7FF9-47AC-92B2-0F46003EB6A4}.Release|Any CPU.ActiveCfg = Release|Any CPU
		{1DAD30CB-7FF9-47AC-92B2-0F46003EB6A4}.Release|Any CPU.Build.0 = Release|Any CPU
		{197EF0EC-63E2-4644-AF25-054B931DDB55}.Debug|Any CPU.ActiveCfg = Debug|Any CPU
		{197EF0EC-63E2-4644-AF25-054B931DDB55}.Debug|Any CPU.Build.0 = Debug|Any CPU
		{197EF0EC-63E2-4644-AF25-054B931DDB55}.Release|Any CPU.ActiveCfg = Release|Any CPU
		{197EF0EC-63E2-4644-AF25-054B931DDB55}.Release|Any CPU.Build.0 = Release|Any CPU
		{0A87FF49-AC9D-479A-ACBB-F4028A0BE1F7}.Debug|Any CPU.ActiveCfg = Debug|Any CPU
		{0A87FF49-AC9D-479A-ACBB-F4028A0BE1F7}.Debug|Any CPU.Build.0 = Debug|Any CPU
		{0A87FF49-AC9D-479A-ACBB-F4028A0BE1F7}.Release|Any CPU.ActiveCfg = Release|Any CPU
		{0A87FF49-AC9D-479A-ACBB-F4028A0BE1F7}.Release|Any CPU.Build.0 = Release|Any CPU
		{2F29E48C-63C3-4E47-BCBA-A7454B9119CF}.Debug|Any CPU.ActiveCfg = Debug|Any CPU
		{2F29E48C-63C3-4E47-BCBA-A7454B9119CF}.Debug|Any CPU.Build.0 = Debug|Any CPU
		{2F29E48C-63C3-4E47-BCBA-A7454B9119CF}.Release|Any CPU.ActiveCfg = Release|Any CPU
		{2F29E48C-63C3-4E47-BCBA-A7454B9119CF}.Release|Any CPU.Build.0 = Release|Any CPU
		{01A67032-A76E-400D-9DA8-A58CE10A5FCD}.Debug|Any CPU.ActiveCfg = Debug|Any CPU
		{01A67032-A76E-400D-9DA8-A58CE10A5FCD}.Debug|Any CPU.Build.0 = Debug|Any CPU
		{01A67032-A76E-400D-9DA8-A58CE10A5FCD}.Release|Any CPU.ActiveCfg = Release|Any CPU
		{01A67032-A76E-400D-9DA8-A58CE10A5FCD}.Release|Any CPU.Build.0 = Release|Any CPU
		{43BA164D-41F3-4563-BDB0-EEF56CE49309}.Debug|Any CPU.ActiveCfg = Debug|Any CPU
		{43BA164D-41F3-4563-BDB0-EEF56CE49309}.Debug|Any CPU.Build.0 = Debug|Any CPU
		{43BA164D-41F3-4563-BDB0-EEF56CE49309}.Release|Any CPU.ActiveCfg = Release|Any CPU
		{43BA164D-41F3-4563-BDB0-EEF56CE49309}.Release|Any CPU.Build.0 = Release|Any CPU
		{BE0445A8-947D-485D-A183-0686D2AE23F8}.Debug|Any CPU.ActiveCfg = Debug|Any CPU
		{BE0445A8-947D-485D-A183-0686D2AE23F8}.Debug|Any CPU.Build.0 = Debug|Any CPU
		{BE0445A8-947D-485D-A183-0686D2AE23F8}.Release|Any CPU.ActiveCfg = Release|Any CPU
		{BE0445A8-947D-485D-A183-0686D2AE23F8}.Release|Any CPU.Build.0 = Release|Any CPU
		{8267A3D1-2B36-471C-9E9F-2E1B0C223632}.Debug|Any CPU.ActiveCfg = Debug|Any CPU
		{8267A3D1-2B36-471C-9E9F-2E1B0C223632}.Debug|Any CPU.Build.0 = Debug|Any CPU
		{8267A3D1-2B36-471C-9E9F-2E1B0C223632}.Release|Any CPU.ActiveCfg = Release|Any CPU
		{8267A3D1-2B36-471C-9E9F-2E1B0C223632}.Release|Any CPU.Build.0 = Release|Any CPU
		{A275C11D-F06E-475F-AEBA-7F7A1EF8D140}.Debug|Any CPU.ActiveCfg = Debug|x64
		{A275C11D-F06E-475F-AEBA-7F7A1EF8D140}.Debug|Any CPU.Build.0 = Debug|x64
		{A275C11D-F06E-475F-AEBA-7F7A1EF8D140}.Release|Any CPU.ActiveCfg = Release|x64
		{A275C11D-F06E-475F-AEBA-7F7A1EF8D140}.Release|Any CPU.Build.0 = Release|x64
		{E566FE94-C551-43A7-843C-5E8199CA7373}.Debug|Any CPU.ActiveCfg = Debug|x64
		{E566FE94-C551-43A7-843C-5E8199CA7373}.Debug|Any CPU.Build.0 = Debug|x64
		{E566FE94-C551-43A7-843C-5E8199CA7373}.Release|Any CPU.ActiveCfg = Release|x64
		{E566FE94-C551-43A7-843C-5E8199CA7373}.Release|Any CPU.Build.0 = Release|x64
		{E2C71F2E-2940-4990-A618-E7E47C00D6A6}.Debug|Any CPU.ActiveCfg = Debug|Any CPU
		{E2C71F2E-2940-4990-A618-E7E47C00D6A6}.Debug|Any CPU.Build.0 = Debug|Any CPU
		{E2C71F2E-2940-4990-A618-E7E47C00D6A6}.Release|Any CPU.ActiveCfg = Release|Any CPU
		{E2C71F2E-2940-4990-A618-E7E47C00D6A6}.Release|Any CPU.Build.0 = Release|Any CPU
		{ADACA319-6E64-4351-8E00-FB03B98BFC8C}.Debug|Any CPU.ActiveCfg = Debug|Any CPU
		{ADACA319-6E64-4351-8E00-FB03B98BFC8C}.Debug|Any CPU.Build.0 = Debug|Any CPU
		{ADACA319-6E64-4351-8E00-FB03B98BFC8C}.Release|Any CPU.ActiveCfg = Release|Any CPU
		{ADACA319-6E64-4351-8E00-FB03B98BFC8C}.Release|Any CPU.Build.0 = Release|Any CPU
		{158C3707-74CC-429B-8348-F5B08584F4F6}.Debug|Any CPU.ActiveCfg = Debug|Any CPU
		{158C3707-74CC-429B-8348-F5B08584F4F6}.Debug|Any CPU.Build.0 = Debug|Any CPU
		{158C3707-74CC-429B-8348-F5B08584F4F6}.Release|Any CPU.ActiveCfg = Release|Any CPU
		{158C3707-74CC-429B-8348-F5B08584F4F6}.Release|Any CPU.Build.0 = Release|Any CPU
		{9AD9F640-FDA2-49E5-9B0F-9BD66BA26F11}.Debug|Any CPU.ActiveCfg = Debug|Any CPU
		{9AD9F640-FDA2-49E5-9B0F-9BD66BA26F11}.Debug|Any CPU.Build.0 = Debug|Any CPU
		{9AD9F640-FDA2-49E5-9B0F-9BD66BA26F11}.Release|Any CPU.ActiveCfg = Release|Any CPU
		{9AD9F640-FDA2-49E5-9B0F-9BD66BA26F11}.Release|Any CPU.Build.0 = Release|Any CPU
		{E7C0E8FA-F34C-48C6-AD55-FD9798F5BC71}.Debug|Any CPU.ActiveCfg = Debug|Any CPU
		{E7C0E8FA-F34C-48C6-AD55-FD9798F5BC71}.Debug|Any CPU.Build.0 = Debug|Any CPU
		{E7C0E8FA-F34C-48C6-AD55-FD9798F5BC71}.Release|Any CPU.ActiveCfg = Release|Any CPU
		{E7C0E8FA-F34C-48C6-AD55-FD9798F5BC71}.Release|Any CPU.Build.0 = Release|Any CPU
		{ABD81C7E-F986-4018-986E-ACAF82C64D3A}.Debug|Any CPU.ActiveCfg = Debug|Any CPU
		{ABD81C7E-F986-4018-986E-ACAF82C64D3A}.Debug|Any CPU.Build.0 = Debug|Any CPU
		{ABD81C7E-F986-4018-986E-ACAF82C64D3A}.Release|Any CPU.ActiveCfg = Release|Any CPU
		{ABD81C7E-F986-4018-986E-ACAF82C64D3A}.Release|Any CPU.Build.0 = Release|Any CPU
		{704BD7C7-7746-4D72-A86E-ECFE7BBD80CC}.Debug|Any CPU.ActiveCfg = Debug|Any CPU
		{704BD7C7-7746-4D72-A86E-ECFE7BBD80CC}.Debug|Any CPU.Build.0 = Debug|Any CPU
		{704BD7C7-7746-4D72-A86E-ECFE7BBD80CC}.Release|Any CPU.ActiveCfg = Release|Any CPU
		{704BD7C7-7746-4D72-A86E-ECFE7BBD80CC}.Release|Any CPU.Build.0 = Release|Any CPU
		{AE5BFBC6-7DD4-4ACA-BEA7-86F842F38B64}.Debug|Any CPU.ActiveCfg = Debug|Any CPU
		{AE5BFBC6-7DD4-4ACA-BEA7-86F842F38B64}.Debug|Any CPU.Build.0 = Debug|Any CPU
		{AE5BFBC6-7DD4-4ACA-BEA7-86F842F38B64}.Release|Any CPU.ActiveCfg = Release|Any CPU
		{AE5BFBC6-7DD4-4ACA-BEA7-86F842F38B64}.Release|Any CPU.Build.0 = Release|Any CPU
		{95F23908-2D65-40C7-9EF1-B5C8543503AA}.Debug|Any CPU.ActiveCfg = Debug|Any CPU
		{95F23908-2D65-40C7-9EF1-B5C8543503AA}.Debug|Any CPU.Build.0 = Debug|Any CPU
		{95F23908-2D65-40C7-9EF1-B5C8543503AA}.Release|Any CPU.ActiveCfg = Release|Any CPU
		{95F23908-2D65-40C7-9EF1-B5C8543503AA}.Release|Any CPU.Build.0 = Release|Any CPU
		{AE845ECA-89DE-481C-9C58-7475C8E4FAA6}.Debug|Any CPU.ActiveCfg = Debug|Any CPU
		{AE845ECA-89DE-481C-9C58-7475C8E4FAA6}.Debug|Any CPU.Build.0 = Debug|Any CPU
		{AE845ECA-89DE-481C-9C58-7475C8E4FAA6}.Release|Any CPU.ActiveCfg = Release|Any CPU
		{AE845ECA-89DE-481C-9C58-7475C8E4FAA6}.Release|Any CPU.Build.0 = Release|Any CPU
		{17979A73-C0CE-41CD-B54F-4E72B998E6D0}.Debug|Any CPU.ActiveCfg = Debug|Any CPU
		{17979A73-C0CE-41CD-B54F-4E72B998E6D0}.Debug|Any CPU.Build.0 = Debug|Any CPU
		{17979A73-C0CE-41CD-B54F-4E72B998E6D0}.Release|Any CPU.ActiveCfg = Release|Any CPU
		{17979A73-C0CE-41CD-B54F-4E72B998E6D0}.Release|Any CPU.Build.0 = Release|Any CPU
		{EFF93C65-3F45-48B6-9178-1E68ADD41974}.Debug|Any CPU.ActiveCfg = Debug|Any CPU
		{EFF93C65-3F45-48B6-9178-1E68ADD41974}.Debug|Any CPU.Build.0 = Debug|Any CPU
		{EFF93C65-3F45-48B6-9178-1E68ADD41974}.Release|Any CPU.ActiveCfg = Release|Any CPU
		{EFF93C65-3F45-48B6-9178-1E68ADD41974}.Release|Any CPU.Build.0 = Release|Any CPU
		{8C95ECC6-E996-4DA0-A4C8-F05373CBB0EA}.Debug|Any CPU.ActiveCfg = Debug|Any CPU
		{8C95ECC6-E996-4DA0-A4C8-F05373CBB0EA}.Debug|Any CPU.Build.0 = Debug|Any CPU
		{8C95ECC6-E996-4DA0-A4C8-F05373CBB0EA}.Release|Any CPU.ActiveCfg = Release|Any CPU
		{8C95ECC6-E996-4DA0-A4C8-F05373CBB0EA}.Release|Any CPU.Build.0 = Release|Any CPU
		{78BE5834-EC02-48C5-A83A-2693D777375A}.Debug|Any CPU.ActiveCfg = Debug|Any CPU
		{78BE5834-EC02-48C5-A83A-2693D777375A}.Debug|Any CPU.Build.0 = Debug|Any CPU
		{78BE5834-EC02-48C5-A83A-2693D777375A}.Release|Any CPU.ActiveCfg = Release|Any CPU
		{78BE5834-EC02-48C5-A83A-2693D777375A}.Release|Any CPU.Build.0 = Release|Any CPU
		{4F7D51D0-F52D-46EF-94DF-C4081587FBB4}.Debug|Any CPU.ActiveCfg = Debug|Any CPU
		{4F7D51D0-F52D-46EF-94DF-C4081587FBB4}.Debug|Any CPU.Build.0 = Debug|Any CPU
		{4F7D51D0-F52D-46EF-94DF-C4081587FBB4}.Release|Any CPU.ActiveCfg = Release|Any CPU
		{4F7D51D0-F52D-46EF-94DF-C4081587FBB4}.Release|Any CPU.Build.0 = Release|Any CPU
		{32C0A6DA-5A2D-40FE-91B0-0B341FB1D4FD}.Debug|Any CPU.ActiveCfg = Debug|Any CPU
		{32C0A6DA-5A2D-40FE-91B0-0B341FB1D4FD}.Debug|Any CPU.Build.0 = Debug|Any CPU
		{32C0A6DA-5A2D-40FE-91B0-0B341FB1D4FD}.Release|Any CPU.ActiveCfg = Release|Any CPU
		{32C0A6DA-5A2D-40FE-91B0-0B341FB1D4FD}.Release|Any CPU.Build.0 = Release|Any CPU
		{4A119F2F-6128-4D6C-B8D1-CE874CACCCC7}.Debug|Any CPU.ActiveCfg = Debug|Any CPU
		{4A119F2F-6128-4D6C-B8D1-CE874CACCCC7}.Debug|Any CPU.Build.0 = Debug|Any CPU
		{4A119F2F-6128-4D6C-B8D1-CE874CACCCC7}.Release|Any CPU.ActiveCfg = Release|Any CPU
		{4A119F2F-6128-4D6C-B8D1-CE874CACCCC7}.Release|Any CPU.Build.0 = Release|Any CPU
		{7D2B4609-6AD6-4F6C-ACDB-F5278A1FCA89}.Debug|Any CPU.ActiveCfg = Debug|Any CPU
		{7D2B4609-6AD6-4F6C-ACDB-F5278A1FCA89}.Debug|Any CPU.Build.0 = Debug|Any CPU
		{7D2B4609-6AD6-4F6C-ACDB-F5278A1FCA89}.Release|Any CPU.ActiveCfg = Release|Any CPU
		{7D2B4609-6AD6-4F6C-ACDB-F5278A1FCA89}.Release|Any CPU.Build.0 = Release|Any CPU
		{6ABB187B-EBF6-4726-965B-2D19F3846099}.Debug|Any CPU.ActiveCfg = Debug|Any CPU
		{6ABB187B-EBF6-4726-965B-2D19F3846099}.Debug|Any CPU.Build.0 = Debug|Any CPU
		{6ABB187B-EBF6-4726-965B-2D19F3846099}.Release|Any CPU.ActiveCfg = Release|Any CPU
		{6ABB187B-EBF6-4726-965B-2D19F3846099}.Release|Any CPU.Build.0 = Release|Any CPU
		{1685EDBF-1A43-46C1-BC3B-378C909CA3DF}.Debug|Any CPU.ActiveCfg = Debug|Any CPU
		{1685EDBF-1A43-46C1-BC3B-378C909CA3DF}.Debug|Any CPU.Build.0 = Debug|Any CPU
		{1685EDBF-1A43-46C1-BC3B-378C909CA3DF}.Release|Any CPU.ActiveCfg = Release|Any CPU
		{1685EDBF-1A43-46C1-BC3B-378C909CA3DF}.Release|Any CPU.Build.0 = Release|Any CPU
		{B240F8BA-6C35-4C19-9035-2821CC6BFEA8}.Debug|Any CPU.ActiveCfg = Debug|Any CPU
		{B240F8BA-6C35-4C19-9035-2821CC6BFEA8}.Debug|Any CPU.Build.0 = Debug|Any CPU
		{B240F8BA-6C35-4C19-9035-2821CC6BFEA8}.Release|Any CPU.ActiveCfg = Release|Any CPU
		{B240F8BA-6C35-4C19-9035-2821CC6BFEA8}.Release|Any CPU.Build.0 = Release|Any CPU
		{C6C34134-D80C-43CC-A477-32B4172374D2}.Debug|Any CPU.ActiveCfg = Debug|Any CPU
		{C6C34134-D80C-43CC-A477-32B4172374D2}.Debug|Any CPU.Build.0 = Debug|Any CPU
		{C6C34134-D80C-43CC-A477-32B4172374D2}.Release|Any CPU.ActiveCfg = Release|Any CPU
		{C6C34134-D80C-43CC-A477-32B4172374D2}.Release|Any CPU.Build.0 = Release|Any CPU
		{4371190E-AD8B-4625-A520-B745B05DE005}.Debug|Any CPU.ActiveCfg = Debug|Any CPU
		{4371190E-AD8B-4625-A520-B745B05DE005}.Debug|Any CPU.Build.0 = Debug|Any CPU
		{4371190E-AD8B-4625-A520-B745B05DE005}.Release|Any CPU.ActiveCfg = Release|Any CPU
		{4371190E-AD8B-4625-A520-B745B05DE005}.Release|Any CPU.Build.0 = Release|Any CPU
		{7C7BCE2E-88CE-4EA8-863E-37F6B8A824C4}.Debug|Any CPU.ActiveCfg = Debug|Any CPU
		{7C7BCE2E-88CE-4EA8-863E-37F6B8A824C4}.Debug|Any CPU.Build.0 = Debug|Any CPU
		{7C7BCE2E-88CE-4EA8-863E-37F6B8A824C4}.Release|Any CPU.ActiveCfg = Release|Any CPU
		{7C7BCE2E-88CE-4EA8-863E-37F6B8A824C4}.Release|Any CPU.Build.0 = Release|Any CPU
		{B2EF307F-90AA-4CFE-B7F3-FF741545E35B}.Debug|Any CPU.ActiveCfg = Debug|Any CPU
		{B2EF307F-90AA-4CFE-B7F3-FF741545E35B}.Debug|Any CPU.Build.0 = Debug|Any CPU
		{B2EF307F-90AA-4CFE-B7F3-FF741545E35B}.Release|Any CPU.ActiveCfg = Release|Any CPU
		{B2EF307F-90AA-4CFE-B7F3-FF741545E35B}.Release|Any CPU.Build.0 = Release|Any CPU
		{2B536749-A2CD-4873-803A-5553D25E88EC}.Debug|Any CPU.ActiveCfg = Debug|Any CPU
		{2B536749-A2CD-4873-803A-5553D25E88EC}.Debug|Any CPU.Build.0 = Debug|Any CPU
		{2B536749-A2CD-4873-803A-5553D25E88EC}.Release|Any CPU.ActiveCfg = Release|Any CPU
		{2B536749-A2CD-4873-803A-5553D25E88EC}.Release|Any CPU.Build.0 = Release|Any CPU
		{03F00630-3625-440D-BE43-51751FCE7806}.Debug|Any CPU.ActiveCfg = Debug|Any CPU
		{03F00630-3625-440D-BE43-51751FCE7806}.Debug|Any CPU.Build.0 = Debug|Any CPU
		{03F00630-3625-440D-BE43-51751FCE7806}.Release|Any CPU.ActiveCfg = Release|Any CPU
		{03F00630-3625-440D-BE43-51751FCE7806}.Release|Any CPU.Build.0 = Release|Any CPU
		{FB1F02F2-3A18-49CC-A288-EC0834D90EED}.Debug|Any CPU.ActiveCfg = Debug|Any CPU
		{FB1F02F2-3A18-49CC-A288-EC0834D90EED}.Debug|Any CPU.Build.0 = Debug|Any CPU
		{FB1F02F2-3A18-49CC-A288-EC0834D90EED}.Release|Any CPU.ActiveCfg = Release|Any CPU
		{FB1F02F2-3A18-49CC-A288-EC0834D90EED}.Release|Any CPU.Build.0 = Release|Any CPU
		{ECF6B110-DF3B-4D29-91C8-45AD4C7D4B17}.Debug|Any CPU.ActiveCfg = Debug|Any CPU
		{ECF6B110-DF3B-4D29-91C8-45AD4C7D4B17}.Debug|Any CPU.Build.0 = Debug|Any CPU
		{ECF6B110-DF3B-4D29-91C8-45AD4C7D4B17}.Release|Any CPU.ActiveCfg = Release|Any CPU
		{ECF6B110-DF3B-4D29-91C8-45AD4C7D4B17}.Release|Any CPU.Build.0 = Release|Any CPU
		{004561E2-DED0-464D-A7B9-85D98281FED4}.Debug|Any CPU.ActiveCfg = Debug|Any CPU
		{004561E2-DED0-464D-A7B9-85D98281FED4}.Debug|Any CPU.Build.0 = Debug|Any CPU
		{004561E2-DED0-464D-A7B9-85D98281FED4}.Release|Any CPU.ActiveCfg = Release|Any CPU
		{004561E2-DED0-464D-A7B9-85D98281FED4}.Release|Any CPU.Build.0 = Release|Any CPU
		{8068292D-8B2E-417B-B7CE-0E7159881C50}.Debug|Any CPU.ActiveCfg = Debug|Any CPU
		{8068292D-8B2E-417B-B7CE-0E7159881C50}.Debug|Any CPU.Build.0 = Debug|Any CPU
		{8068292D-8B2E-417B-B7CE-0E7159881C50}.Release|Any CPU.ActiveCfg = Release|Any CPU
		{8068292D-8B2E-417B-B7CE-0E7159881C50}.Release|Any CPU.Build.0 = Release|Any CPU
		{27D0142E-7643-4E64-A6B2-995E76EF00A2}.Debug|Any CPU.ActiveCfg = Debug|Any CPU
		{27D0142E-7643-4E64-A6B2-995E76EF00A2}.Debug|Any CPU.Build.0 = Debug|Any CPU
		{27D0142E-7643-4E64-A6B2-995E76EF00A2}.Release|Any CPU.ActiveCfg = Release|Any CPU
		{27D0142E-7643-4E64-A6B2-995E76EF00A2}.Release|Any CPU.Build.0 = Release|Any CPU
		{BE31AC7C-79CC-4180-A5E8-BEB3FD7579DC}.Debug|Any CPU.ActiveCfg = Debug|Any CPU
		{BE31AC7C-79CC-4180-A5E8-BEB3FD7579DC}.Debug|Any CPU.Build.0 = Debug|Any CPU
		{BE31AC7C-79CC-4180-A5E8-BEB3FD7579DC}.Release|Any CPU.ActiveCfg = Release|Any CPU
		{BE31AC7C-79CC-4180-A5E8-BEB3FD7579DC}.Release|Any CPU.Build.0 = Release|Any CPU
		{71444CB1-778F-4DD5-9BDF-ACB310C97345}.Debug|Any CPU.ActiveCfg = Debug|Any CPU
		{71444CB1-778F-4DD5-9BDF-ACB310C97345}.Debug|Any CPU.Build.0 = Debug|Any CPU
		{71444CB1-778F-4DD5-9BDF-ACB310C97345}.Release|Any CPU.ActiveCfg = Release|Any CPU
		{71444CB1-778F-4DD5-9BDF-ACB310C97345}.Release|Any CPU.Build.0 = Release|Any CPU
		{95C8865C-AB87-4998-880E-38B7F76BAC57}.Debug|Any CPU.ActiveCfg = Debug|Any CPU
		{95C8865C-AB87-4998-880E-38B7F76BAC57}.Debug|Any CPU.Build.0 = Debug|Any CPU
		{95C8865C-AB87-4998-880E-38B7F76BAC57}.Release|Any CPU.ActiveCfg = Release|Any CPU
		{95C8865C-AB87-4998-880E-38B7F76BAC57}.Release|Any CPU.Build.0 = Release|Any CPU
		{CBB5E3B3-2B0F-41F3-8110-FDD9614FCE5D}.Debug|Any CPU.ActiveCfg = Debug|Any CPU
		{CBB5E3B3-2B0F-41F3-8110-FDD9614FCE5D}.Debug|Any CPU.Build.0 = Debug|Any CPU
		{CBB5E3B3-2B0F-41F3-8110-FDD9614FCE5D}.Release|Any CPU.ActiveCfg = Release|Any CPU
		{CBB5E3B3-2B0F-41F3-8110-FDD9614FCE5D}.Release|Any CPU.Build.0 = Release|Any CPU
		{3E91FECF-80C0-463C-AD62-40062E0D313F}.Debug|Any CPU.ActiveCfg = Debug|Any CPU
		{3E91FECF-80C0-463C-AD62-40062E0D313F}.Debug|Any CPU.Build.0 = Debug|Any CPU
		{3E91FECF-80C0-463C-AD62-40062E0D313F}.Release|Any CPU.ActiveCfg = Release|Any CPU
		{3E91FECF-80C0-463C-AD62-40062E0D313F}.Release|Any CPU.Build.0 = Release|Any CPU
		{CCE3DE31-5DE7-4157-90D1-BAFA08C181EC}.Debug|Any CPU.ActiveCfg = Debug|Any CPU
		{CCE3DE31-5DE7-4157-90D1-BAFA08C181EC}.Debug|Any CPU.Build.0 = Debug|Any CPU
		{CCE3DE31-5DE7-4157-90D1-BAFA08C181EC}.Release|Any CPU.ActiveCfg = Release|Any CPU
		{CCE3DE31-5DE7-4157-90D1-BAFA08C181EC}.Release|Any CPU.Build.0 = Release|Any CPU
		{162A1F6D-7752-4686-A6C2-923633F4E4C0}.Debug|Any CPU.ActiveCfg = Debug|Any CPU
		{162A1F6D-7752-4686-A6C2-923633F4E4C0}.Debug|Any CPU.Build.0 = Debug|Any CPU
		{162A1F6D-7752-4686-A6C2-923633F4E4C0}.Release|Any CPU.ActiveCfg = Release|Any CPU
		{162A1F6D-7752-4686-A6C2-923633F4E4C0}.Release|Any CPU.Build.0 = Release|Any CPU
		{5DC963FD-6742-47BB-BC96-365B82F73C88}.Debug|Any CPU.ActiveCfg = Debug|Any CPU
		{5DC963FD-6742-47BB-BC96-365B82F73C88}.Debug|Any CPU.Build.0 = Debug|Any CPU
		{5DC963FD-6742-47BB-BC96-365B82F73C88}.Release|Any CPU.ActiveCfg = Release|Any CPU
		{5DC963FD-6742-47BB-BC96-365B82F73C88}.Release|Any CPU.Build.0 = Release|Any CPU
		{9076FCBF-A85C-4118-8E29-013B06B1421B}.Debug|Any CPU.ActiveCfg = Debug|Any CPU
		{9076FCBF-A85C-4118-8E29-013B06B1421B}.Debug|Any CPU.Build.0 = Debug|Any CPU
		{9076FCBF-A85C-4118-8E29-013B06B1421B}.Release|Any CPU.ActiveCfg = Release|Any CPU
		{9076FCBF-A85C-4118-8E29-013B06B1421B}.Release|Any CPU.Build.0 = Release|Any CPU
		{EC20F011-6846-405D-B6CA-2C851DAF50B0}.Debug|Any CPU.ActiveCfg = Debug|Any CPU
		{EC20F011-6846-405D-B6CA-2C851DAF50B0}.Debug|Any CPU.Build.0 = Debug|Any CPU
		{EC20F011-6846-405D-B6CA-2C851DAF50B0}.Release|Any CPU.ActiveCfg = Release|Any CPU
		{EC20F011-6846-405D-B6CA-2C851DAF50B0}.Release|Any CPU.Build.0 = Release|Any CPU
		{DD5AEB88-DC55-43C8-81C1-2879F73C8DE0}.Debug|Any CPU.ActiveCfg = Debug|Any CPU
		{DD5AEB88-DC55-43C8-81C1-2879F73C8DE0}.Debug|Any CPU.Build.0 = Debug|Any CPU
		{DD5AEB88-DC55-43C8-81C1-2879F73C8DE0}.Release|Any CPU.ActiveCfg = Release|Any CPU
		{DD5AEB88-DC55-43C8-81C1-2879F73C8DE0}.Release|Any CPU.Build.0 = Release|Any CPU
		{011FF139-A9E6-4F10-BBC8-28BC1A38D966}.Debug|Any CPU.ActiveCfg = Debug|Any CPU
		{011FF139-A9E6-4F10-BBC8-28BC1A38D966}.Debug|Any CPU.Build.0 = Debug|Any CPU
		{011FF139-A9E6-4F10-BBC8-28BC1A38D966}.Release|Any CPU.ActiveCfg = Release|Any CPU
		{011FF139-A9E6-4F10-BBC8-28BC1A38D966}.Release|Any CPU.Build.0 = Release|Any CPU
		{FD39DA19-C81E-4752-B308-43594CC201BB}.Debug|Any CPU.ActiveCfg = Debug|Any CPU
		{FD39DA19-C81E-4752-B308-43594CC201BB}.Debug|Any CPU.Build.0 = Debug|Any CPU
		{FD39DA19-C81E-4752-B308-43594CC201BB}.Release|Any CPU.ActiveCfg = Release|Any CPU
		{FD39DA19-C81E-4752-B308-43594CC201BB}.Release|Any CPU.Build.0 = Release|Any CPU
		{B60EC8AA-3CDF-45E4-9ACD-3246B375C027}.Debug|Any CPU.ActiveCfg = Debug|Any CPU
		{B60EC8AA-3CDF-45E4-9ACD-3246B375C027}.Debug|Any CPU.Build.0 = Debug|Any CPU
		{B60EC8AA-3CDF-45E4-9ACD-3246B375C027}.Release|Any CPU.ActiveCfg = Release|Any CPU
		{B60EC8AA-3CDF-45E4-9ACD-3246B375C027}.Release|Any CPU.Build.0 = Release|Any CPU
		{6B933DD6-4393-4BAD-92F8-2C55E7FE9D15}.Debug|Any CPU.ActiveCfg = Debug|Any CPU
		{6B933DD6-4393-4BAD-92F8-2C55E7FE9D15}.Debug|Any CPU.Build.0 = Debug|Any CPU
		{6B933DD6-4393-4BAD-92F8-2C55E7FE9D15}.Release|Any CPU.ActiveCfg = Release|Any CPU
		{6B933DD6-4393-4BAD-92F8-2C55E7FE9D15}.Release|Any CPU.Build.0 = Release|Any CPU
		{6C106109-0131-4413-8D41-348256EADC7E}.Debug|Any CPU.ActiveCfg = Debug|Any CPU
		{6C106109-0131-4413-8D41-348256EADC7E}.Debug|Any CPU.Build.0 = Debug|Any CPU
		{6C106109-0131-4413-8D41-348256EADC7E}.Release|Any CPU.ActiveCfg = Release|Any CPU
		{6C106109-0131-4413-8D41-348256EADC7E}.Release|Any CPU.Build.0 = Release|Any CPU
		{5BBD66DA-83E0-4FCA-967E-75A87C21E89A}.Debug|Any CPU.ActiveCfg = Debug|Any CPU
		{5BBD66DA-83E0-4FCA-967E-75A87C21E89A}.Debug|Any CPU.Build.0 = Debug|Any CPU
		{5BBD66DA-83E0-4FCA-967E-75A87C21E89A}.Release|Any CPU.ActiveCfg = Release|Any CPU
		{5BBD66DA-83E0-4FCA-967E-75A87C21E89A}.Release|Any CPU.Build.0 = Release|Any CPU
		{04344989-84DC-4D21-BC9F-C4A23D251568}.Debug|Any CPU.ActiveCfg = Debug|Any CPU
		{04344989-84DC-4D21-BC9F-C4A23D251568}.Debug|Any CPU.Build.0 = Debug|Any CPU
		{04344989-84DC-4D21-BC9F-C4A23D251568}.Release|Any CPU.ActiveCfg = Release|Any CPU
		{04344989-84DC-4D21-BC9F-C4A23D251568}.Release|Any CPU.Build.0 = Release|Any CPU
		{005AD593-ADEC-4646-80F9-4E866B7D8533}.Debug|Any CPU.ActiveCfg = Debug|Any CPU
		{005AD593-ADEC-4646-80F9-4E866B7D8533}.Debug|Any CPU.Build.0 = Debug|Any CPU
		{005AD593-ADEC-4646-80F9-4E866B7D8533}.Release|Any CPU.ActiveCfg = Release|Any CPU
		{005AD593-ADEC-4646-80F9-4E866B7D8533}.Release|Any CPU.Build.0 = Release|Any CPU
		{04D3450A-9443-48C4-9BF0-4ADC8C5E35C5}.Debug|Any CPU.ActiveCfg = Debug|Any CPU
		{04D3450A-9443-48C4-9BF0-4ADC8C5E35C5}.Debug|Any CPU.Build.0 = Debug|Any CPU
		{04D3450A-9443-48C4-9BF0-4ADC8C5E35C5}.Release|Any CPU.ActiveCfg = Release|Any CPU
		{04D3450A-9443-48C4-9BF0-4ADC8C5E35C5}.Release|Any CPU.Build.0 = Release|Any CPU
		{F162126C-DA9C-4195-B295-CF1020DBA98A}.Debug|Any CPU.ActiveCfg = Debug|Any CPU
		{F162126C-DA9C-4195-B295-CF1020DBA98A}.Debug|Any CPU.Build.0 = Debug|Any CPU
		{F162126C-DA9C-4195-B295-CF1020DBA98A}.Release|Any CPU.ActiveCfg = Release|Any CPU
		{F162126C-DA9C-4195-B295-CF1020DBA98A}.Release|Any CPU.Build.0 = Release|Any CPU
		{E690EC25-3A73-408F-93B8-36990B2A9D0E}.Debug|Any CPU.ActiveCfg = Debug|Any CPU
		{E690EC25-3A73-408F-93B8-36990B2A9D0E}.Debug|Any CPU.Build.0 = Debug|Any CPU
		{E690EC25-3A73-408F-93B8-36990B2A9D0E}.Release|Any CPU.ActiveCfg = Release|Any CPU
		{E690EC25-3A73-408F-93B8-36990B2A9D0E}.Release|Any CPU.Build.0 = Release|Any CPU
		{DF09A175-C790-434D-9810-A6BBB3EEC548}.Debug|Any CPU.ActiveCfg = Debug|Any CPU
		{DF09A175-C790-434D-9810-A6BBB3EEC548}.Debug|Any CPU.Build.0 = Debug|Any CPU
		{DF09A175-C790-434D-9810-A6BBB3EEC548}.Release|Any CPU.ActiveCfg = Release|Any CPU
		{DF09A175-C790-434D-9810-A6BBB3EEC548}.Release|Any CPU.Build.0 = Release|Any CPU
		{2D787827-44DA-406C-8DAC-34CE61D658B0}.Debug|Any CPU.ActiveCfg = Debug|Any CPU
		{2D787827-44DA-406C-8DAC-34CE61D658B0}.Debug|Any CPU.Build.0 = Debug|Any CPU
		{2D787827-44DA-406C-8DAC-34CE61D658B0}.Release|Any CPU.ActiveCfg = Release|Any CPU
		{2D787827-44DA-406C-8DAC-34CE61D658B0}.Release|Any CPU.Build.0 = Release|Any CPU
		{5D5A51AC-95FE-42DE-BEBE-560109003C1D}.Debug|Any CPU.ActiveCfg = Debug|Any CPU
		{5D5A51AC-95FE-42DE-BEBE-560109003C1D}.Debug|Any CPU.Build.0 = Debug|Any CPU
		{5D5A51AC-95FE-42DE-BEBE-560109003C1D}.Release|Any CPU.ActiveCfg = Release|Any CPU
		{5D5A51AC-95FE-42DE-BEBE-560109003C1D}.Release|Any CPU.Build.0 = Release|Any CPU
		{9AE06A6D-1335-482C-8ABF-2FE1BADF5AD7}.Debug|Any CPU.ActiveCfg = Debug|Any CPU
		{9AE06A6D-1335-482C-8ABF-2FE1BADF5AD7}.Debug|Any CPU.Build.0 = Debug|Any CPU
		{9AE06A6D-1335-482C-8ABF-2FE1BADF5AD7}.Release|Any CPU.ActiveCfg = Release|Any CPU
		{9AE06A6D-1335-482C-8ABF-2FE1BADF5AD7}.Release|Any CPU.Build.0 = Release|Any CPU
		{437506E7-B124-4808-8AE7-8864AC9EA36A}.Debug|Any CPU.ActiveCfg = Debug|Any CPU
		{437506E7-B124-4808-8AE7-8864AC9EA36A}.Debug|Any CPU.Build.0 = Debug|Any CPU
		{437506E7-B124-4808-8AE7-8864AC9EA36A}.Release|Any CPU.ActiveCfg = Release|Any CPU
		{437506E7-B124-4808-8AE7-8864AC9EA36A}.Release|Any CPU.Build.0 = Release|Any CPU
		{833EAB0B-F2EE-47B5-8A54-EDE4DC655122}.Debug|Any CPU.ActiveCfg = Debug|Any CPU
		{833EAB0B-F2EE-47B5-8A54-EDE4DC655122}.Debug|Any CPU.Build.0 = Debug|Any CPU
		{833EAB0B-F2EE-47B5-8A54-EDE4DC655122}.Release|Any CPU.ActiveCfg = Release|Any CPU
		{833EAB0B-F2EE-47B5-8A54-EDE4DC655122}.Release|Any CPU.Build.0 = Release|Any CPU
		{7BC3FC79-5938-4CD7-9528-47D5DC18729E}.Debug|Any CPU.ActiveCfg = Debug|Any CPU
		{7BC3FC79-5938-4CD7-9528-47D5DC18729E}.Debug|Any CPU.Build.0 = Debug|Any CPU
		{7BC3FC79-5938-4CD7-9528-47D5DC18729E}.Release|Any CPU.ActiveCfg = Release|Any CPU
		{7BC3FC79-5938-4CD7-9528-47D5DC18729E}.Release|Any CPU.Build.0 = Release|Any CPU
		{7C97E1C8-7FEB-4C2A-A149-7D77E15838BF}.Debug|Any CPU.ActiveCfg = Debug|Any CPU
		{7C97E1C8-7FEB-4C2A-A149-7D77E15838BF}.Debug|Any CPU.Build.0 = Debug|Any CPU
		{7C97E1C8-7FEB-4C2A-A149-7D77E15838BF}.Release|Any CPU.ActiveCfg = Release|Any CPU
		{7C97E1C8-7FEB-4C2A-A149-7D77E15838BF}.Release|Any CPU.Build.0 = Release|Any CPU
		{819C752E-1F74-4447-9214-86EF337A1DEF}.Debug|Any CPU.ActiveCfg = Debug|Any CPU
		{819C752E-1F74-4447-9214-86EF337A1DEF}.Debug|Any CPU.Build.0 = Debug|Any CPU
		{819C752E-1F74-4447-9214-86EF337A1DEF}.Release|Any CPU.ActiveCfg = Release|Any CPU
		{819C752E-1F74-4447-9214-86EF337A1DEF}.Release|Any CPU.Build.0 = Release|Any CPU
		{50954AE0-E513-4CE7-AC8E-F3896CA0BEB7}.Debug|Any CPU.ActiveCfg = Debug|Any CPU
		{50954AE0-E513-4CE7-AC8E-F3896CA0BEB7}.Debug|Any CPU.Build.0 = Debug|Any CPU
		{50954AE0-E513-4CE7-AC8E-F3896CA0BEB7}.Release|Any CPU.ActiveCfg = Release|Any CPU
		{50954AE0-E513-4CE7-AC8E-F3896CA0BEB7}.Release|Any CPU.Build.0 = Release|Any CPU
		{6C942D7C-654A-4CBE-B3A9-887A37D2FA4C}.Debug|Any CPU.ActiveCfg = Debug|Any CPU
		{6C942D7C-654A-4CBE-B3A9-887A37D2FA4C}.Debug|Any CPU.Build.0 = Debug|Any CPU
		{6C942D7C-654A-4CBE-B3A9-887A37D2FA4C}.Release|Any CPU.ActiveCfg = Release|Any CPU
		{6C942D7C-654A-4CBE-B3A9-887A37D2FA4C}.Release|Any CPU.Build.0 = Release|Any CPU
		{87CB99AE-16D1-4D58-BEAC-72485E02B321}.Debug|Any CPU.ActiveCfg = Debug|Any CPU
		{87CB99AE-16D1-4D58-BEAC-72485E02B321}.Debug|Any CPU.Build.0 = Debug|Any CPU
		{87CB99AE-16D1-4D58-BEAC-72485E02B321}.Release|Any CPU.ActiveCfg = Release|Any CPU
		{87CB99AE-16D1-4D58-BEAC-72485E02B321}.Release|Any CPU.Build.0 = Release|Any CPU
	EndGlobalSection
	GlobalSection(SolutionProperties) = preSolution
		HideSolutionNode = FALSE
	EndGlobalSection
	GlobalSection(NestedProjects) = preSolution
		{A275C11D-F06E-475F-AEBA-7F7A1EF8D140} = {B6083619-C4E8-4D8E-95BD-217E3663134C}
		{E566FE94-C551-43A7-843C-5E8199CA7373} = {B6083619-C4E8-4D8E-95BD-217E3663134C}
		{B60EC8AA-3CDF-45E4-9ACD-3246B375C027} = {F8B6B3D8-006C-4D8F-8883-EB48D9EB417F}
		{6B933DD6-4393-4BAD-92F8-2C55E7FE9D15} = {F8B6B3D8-006C-4D8F-8883-EB48D9EB417F}
		{6C106109-0131-4413-8D41-348256EADC7E} = {F8B6B3D8-006C-4D8F-8883-EB48D9EB417F}
		{5BBD66DA-83E0-4FCA-967E-75A87C21E89A} = {F8B6B3D8-006C-4D8F-8883-EB48D9EB417F}
		{04344989-84DC-4D21-BC9F-C4A23D251568} = {F8B6B3D8-006C-4D8F-8883-EB48D9EB417F}
	EndGlobalSection
	GlobalSection(ExtensibilityGlobals) = postSolution
		SolutionGuid = {A03ACB78-6C3F-4E09-BAF1-16E41D5A3945}
	EndGlobalSection
EndGlobal
