
Microsoft Visual Studio Solution File, Format Version 12.00
# Visual Studio Version 16
VisualStudioVersion = 16.0.29806.167
MinimumVisualStudioVersion = 10.0.40219.1
Project("{FAE04EC0-301F-11D3-BF4B-00C04F79EFBC}") = "CommonAssemblyInfo", "CommonAssemblyInfo.csproj", "{5C17FF84-02BA-4EE7-AD79-966E999EF8E6}"
EndProject
Project("{2150E333-8FDC-42A3-9474-1A3956D46DE8}") = "tools", "tools", "{7704D343-494C-4422-B452-950E3833A76D}"
EndProject
Project("{FAE04EC0-301F-11D3-BF4B-00C04F79EFBC}") = "updbaseaddresses", "tools\updbaseaddresses\updbaseaddresses.csproj", "{4E36B737-2366-4725-888D-EC1E823B88A7}"
	ProjectSection(ProjectDependencies) = postProject
		{5C17FF84-02BA-4EE7-AD79-966E999EF8E6} = {5C17FF84-02BA-4EE7-AD79-966E999EF8E6}
	EndProjectSection
EndProject
Project("{FAE04EC0-301F-11D3-BF4B-00C04F79EFBC}") = "depcheck", "tools\depcheck\depcheck.csproj", "{202F5574-FF5B-4C77-9C28-5BEA6373D32A}"
	ProjectSection(ProjectDependencies) = postProject
		{4E36B737-2366-4725-888D-EC1E823B88A7} = {4E36B737-2366-4725-888D-EC1E823B88A7}
	EndProjectSection
EndProject
Project("{FAE04EC0-301F-11D3-BF4B-00C04F79EFBC}") = "pubkey", "tools\pubkey\pubkey.csproj", "{0744B33E-A503-4E9D-97B3-FDFC5C1BEF89}"
	ProjectSection(ProjectDependencies) = postProject
		{202F5574-FF5B-4C77-9C28-5BEA6373D32A} = {202F5574-FF5B-4C77-9C28-5BEA6373D32A}
		{5C17FF84-02BA-4EE7-AD79-966E999EF8E6} = {5C17FF84-02BA-4EE7-AD79-966E999EF8E6}
	EndProjectSection
EndProject
Project("{FAE04EC0-301F-11D3-BF4B-00C04F79EFBC}") = "SourceLicenseAnalyzer", "tools\SourceLicenseAnalyzer\SourceLicenseAnalyzer.csproj", "{D3B20250-F91A-4E87-A91D-9AE153E10315}"
	ProjectSection(ProjectDependencies) = postProject
		{0744B33E-A503-4E9D-97B3-FDFC5C1BEF89} = {0744B33E-A503-4E9D-97B3-FDFC5C1BEF89}
	EndProjectSection
EndProject
Project("{9A19103F-16F7-4668-BE54-9A1E7A4F7556}") = "IKVM.Reflection", "reflect\IKVM.Reflection.csproj", "{4CB170EF-DFE6-4A56-9E1B-A85449E827A7}"
	ProjectSection(ProjectDependencies) = postProject
		{D3B20250-F91A-4E87-A91D-9AE153E10315} = {D3B20250-F91A-4E87-A91D-9AE153E10315}
		{5C17FF84-02BA-4EE7-AD79-966E999EF8E6} = {5C17FF84-02BA-4EE7-AD79-966E999EF8E6}
	EndProjectSection
EndProject
Project("{9A19103F-16F7-4668-BE54-9A1E7A4F7556}") = "ikvmstub", "ikvmstub\ikvmstub.csproj", "{D2A9434D-59E4-43E9-8D9C-332AA138CEAD}"
	ProjectSection(ProjectDependencies) = postProject
		{5C17FF84-02BA-4EE7-AD79-966E999EF8E6} = {5C17FF84-02BA-4EE7-AD79-966E999EF8E6}
	EndProjectSection
EndProject
Project("{2150E333-8FDC-42A3-9474-1A3956D46DE8}") = "runtime", "runtime", "{B634DCC8-B525-40C9-B13E-93174B032216}"
EndProject
Project("{FAE04EC0-301F-11D3-BF4B-00C04F79EFBC}") = "DummyLibrary", "runtime\DummyLibrary\DummyLibrary.csproj", "{A47E1075-EC32-49BA-9C5E-124A814278D0}"
	ProjectSection(ProjectDependencies) = postProject
		{D2A9434D-59E4-43E9-8D9C-332AA138CEAD} = {D2A9434D-59E4-43E9-8D9C-332AA138CEAD}
		{5C17FF84-02BA-4EE7-AD79-966E999EF8E6} = {5C17FF84-02BA-4EE7-AD79-966E999EF8E6}
	EndProjectSection
EndProject
Project("{FAE04EC0-301F-11D3-BF4B-00C04F79EFBC}") = "IKVM.Runtime.FirstPass", "runtime\IKVM.Runtime.FirstPass.csproj", "{F0A51B7F-6DA2-4D3C-8FE6-75567C1264FB}"
	ProjectSection(ProjectDependencies) = postProject
		{D2A9434D-59E4-43E9-8D9C-332AA138CEAD} = {D2A9434D-59E4-43E9-8D9C-332AA138CEAD}
		{A47E1075-EC32-49BA-9C5E-124A814278D0} = {A47E1075-EC32-49BA-9C5E-124A814278D0}
		{5C17FF84-02BA-4EE7-AD79-966E999EF8E6} = {5C17FF84-02BA-4EE7-AD79-966E999EF8E6}
	EndProjectSection
EndProject
Project("{2150E333-8FDC-42A3-9474-1A3956D46DE8}") = "awt", "awt", "{C615003F-74B6-4F45-AA51-6840DEA0CF76}"
EndProject
Project("{FAE04EC0-301F-11D3-BF4B-00C04F79EFBC}") = "IKVM.AWT.WinForms.FirstPass", "awt\IKVM.AWT.WinForms.FirstPass\IKVM.AWT.WinForms.FirstPass.csproj", "{2609DE55-E7AA-4A72-B42D-925659FDFCB6}"
	ProjectSection(ProjectDependencies) = postProject
		{F0A51B7F-6DA2-4D3C-8FE6-75567C1264FB} = {F0A51B7F-6DA2-4D3C-8FE6-75567C1264FB}
		{5C17FF84-02BA-4EE7-AD79-966E999EF8E6} = {5C17FF84-02BA-4EE7-AD79-966E999EF8E6}
	EndProjectSection
EndProject
Project("{9A19103F-16F7-4668-BE54-9A1E7A4F7556}") = "ikvmc", "ikvmc\ikvmc.csproj", "{11C753FA-35BF-487F-8AA8-DEA948F0A74E}"
	ProjectSection(ProjectDependencies) = postProject
		{2609DE55-E7AA-4A72-B42D-925659FDFCB6} = {2609DE55-E7AA-4A72-B42D-925659FDFCB6}
		{5C17FF84-02BA-4EE7-AD79-966E999EF8E6} = {5C17FF84-02BA-4EE7-AD79-966E999EF8E6}
	EndProjectSection
EndProject
Project("{FAE04EC0-301F-11D3-BF4B-00C04F79EFBC}") = "IKVM.Runtime", "runtime\IKVM.Runtime.csproj", "{F5C7B588-0403-4AF2-A4DE-5697DE21BC2C}"
	ProjectSection(ProjectDependencies) = postProject
		{54E0B904-B1A8-4FC2-BD8C-4CE9F2C0FC81} = {54E0B904-B1A8-4FC2-BD8C-4CE9F2C0FC81}
		{5C17FF84-02BA-4EE7-AD79-966E999EF8E6} = {5C17FF84-02BA-4EE7-AD79-966E999EF8E6}
		{CEA4FEC4-1D24-4004-908E-F86C8D7AC772} = {CEA4FEC4-1D24-4004-908E-F86C8D7AC772}
	EndProjectSection
EndProject
Project("{FAE04EC0-301F-11D3-BF4B-00C04F79EFBC}") = "IKVM.Runtime.JNI", "runtime\IKVM.Runtime.JNI.csproj", "{CEA4FEC4-1D24-4004-908E-F86C8D7AC772}"
	ProjectSection(ProjectDependencies) = postProject
		{54E0B904-B1A8-4FC2-BD8C-4CE9F2C0FC81} = {54E0B904-B1A8-4FC2-BD8C-4CE9F2C0FC81}
		{5C17FF84-02BA-4EE7-AD79-966E999EF8E6} = {5C17FF84-02BA-4EE7-AD79-966E999EF8E6}
	EndProjectSection
EndProject
Project("{FAE04EC0-301F-11D3-BF4B-00C04F79EFBC}") = "ikvm", "ikvm\ikvm.csproj", "{4FBAFF23-1E48-4977-8C50-30F87E70A8B5}"
	ProjectSection(ProjectDependencies) = postProject
		{54E0B904-B1A8-4FC2-BD8C-4CE9F2C0FC81} = {54E0B904-B1A8-4FC2-BD8C-4CE9F2C0FC81}
	EndProjectSection
EndProject
Project("{FAE04EC0-301F-11D3-BF4B-00C04F79EFBC}") = "IKVM.AWT.WinForms", "awt\IKVM.AWT.WinForms\IKVM.AWT.WinForms.csproj", "{E00A0FA2-1FD7-4DD9-8C06-7202CE366102}"
	ProjectSection(ProjectDependencies) = postProject
		{8ABA9691-14B2-43F0-8706-DB4DCCAC43D4} = {8ABA9691-14B2-43F0-8706-DB4DCCAC43D4}
	EndProjectSection
EndProject
Project("{9A19103F-16F7-4668-BE54-9A1E7A4F7556}") = "jvm", "jvm\jvm.csproj", "{F5B43364-8D8A-4500-8FFC-4E2E5AF609EC}"
	ProjectSection(ProjectDependencies) = postProject
		{E00A0FA2-1FD7-4DD9-8C06-7202CE366102} = {E00A0FA2-1FD7-4DD9-8C06-7202CE366102}
	EndProjectSection
EndProject
Project("{2150E333-8FDC-42A3-9474-1A3956D46DE8}") = "build", "build", "{0031D2DB-28F1-40ED-919E-4466942B14F4}"
	ProjectSection(SolutionItems) = preProject
		build\dependencies.props = build\dependencies.props
		build\nuget.props = build\nuget.props
	EndProjectSection
EndProject
Project("{2150E333-8FDC-42A3-9474-1A3956D46DE8}") = "Solution Items", "Solution Items", "{F4FBB0BB-BA6F-4105-A23C-ED25936504C8}"
	ProjectSection(SolutionItems) = preProject
		Directory.Build.props = Directory.Build.props
		Directory.Build.targets = Directory.Build.targets
	EndProjectSection
EndProject
Project("{9A19103F-16F7-4668-BE54-9A1E7A4F7556}") = "implib", "tools\implib\implib.csproj", "{3F85DEA4-5F2C-483D-A6A9-A645D6D0F4D0}"
EndProject
Project("{9A19103F-16F7-4668-BE54-9A1E7A4F7556}") = "openjdk.tools", "openjdk\openjdk.tools.csproj", "{8ABA9691-14B2-43F0-8706-DB4DCCAC43D4}"
	ProjectSection(ProjectDependencies) = postProject
		{F5C7B588-0403-4AF2-A4DE-5697DE21BC2C} = {F5C7B588-0403-4AF2-A4DE-5697DE21BC2C}
	EndProjectSection
EndProject
Project("{9A19103F-16F7-4668-BE54-9A1E7A4F7556}") = "openjdk", "openjdk\openjdk.csproj", "{54E0B904-B1A8-4FC2-BD8C-4CE9F2C0FC81}"
	ProjectSection(ProjectDependencies) = postProject
		{D2A9434D-59E4-43E9-8D9C-332AA138CEAD} = {D2A9434D-59E4-43E9-8D9C-332AA138CEAD}
		{2609DE55-E7AA-4A72-B42D-925659FDFCB6} = {2609DE55-E7AA-4A72-B42D-925659FDFCB6}
		{F0A51B7F-6DA2-4D3C-8FE6-75567C1264FB} = {F0A51B7F-6DA2-4D3C-8FE6-75567C1264FB}
		{11C753FA-35BF-487F-8AA8-DEA948F0A74E} = {11C753FA-35BF-487F-8AA8-DEA948F0A74E}
	EndProjectSection
EndProject
Global
	GlobalSection(SolutionConfigurationPlatforms) = preSolution
		Debug|Any CPU = Debug|Any CPU
		Release|Any CPU = Release|Any CPU
	EndGlobalSection
	GlobalSection(ProjectConfigurationPlatforms) = postSolution
		{5C17FF84-02BA-4EE7-AD79-966E999EF8E6}.Debug|Any CPU.ActiveCfg = Debug|Any CPU
		{5C17FF84-02BA-4EE7-AD79-966E999EF8E6}.Debug|Any CPU.Build.0 = Debug|Any CPU
		{5C17FF84-02BA-4EE7-AD79-966E999EF8E6}.Release|Any CPU.ActiveCfg = Release|Any CPU
		{5C17FF84-02BA-4EE7-AD79-966E999EF8E6}.Release|Any CPU.Build.0 = Release|Any CPU
		{4E36B737-2366-4725-888D-EC1E823B88A7}.Debug|Any CPU.ActiveCfg = Debug|Any CPU
		{4E36B737-2366-4725-888D-EC1E823B88A7}.Debug|Any CPU.Build.0 = Debug|Any CPU
		{4E36B737-2366-4725-888D-EC1E823B88A7}.Release|Any CPU.ActiveCfg = Release|Any CPU
		{4E36B737-2366-4725-888D-EC1E823B88A7}.Release|Any CPU.Build.0 = Release|Any CPU
		{202F5574-FF5B-4C77-9C28-5BEA6373D32A}.Debug|Any CPU.ActiveCfg = Debug|Any CPU
		{202F5574-FF5B-4C77-9C28-5BEA6373D32A}.Debug|Any CPU.Build.0 = Debug|Any CPU
		{202F5574-FF5B-4C77-9C28-5BEA6373D32A}.Release|Any CPU.ActiveCfg = Release|Any CPU
		{202F5574-FF5B-4C77-9C28-5BEA6373D32A}.Release|Any CPU.Build.0 = Release|Any CPU
		{0744B33E-A503-4E9D-97B3-FDFC5C1BEF89}.Debug|Any CPU.ActiveCfg = Debug|Any CPU
		{0744B33E-A503-4E9D-97B3-FDFC5C1BEF89}.Debug|Any CPU.Build.0 = Debug|Any CPU
		{0744B33E-A503-4E9D-97B3-FDFC5C1BEF89}.Release|Any CPU.ActiveCfg = Release|Any CPU
		{0744B33E-A503-4E9D-97B3-FDFC5C1BEF89}.Release|Any CPU.Build.0 = Release|Any CPU
		{D3B20250-F91A-4E87-A91D-9AE153E10315}.Debug|Any CPU.ActiveCfg = Debug|Any CPU
		{D3B20250-F91A-4E87-A91D-9AE153E10315}.Debug|Any CPU.Build.0 = Debug|Any CPU
		{D3B20250-F91A-4E87-A91D-9AE153E10315}.Release|Any CPU.ActiveCfg = Release|Any CPU
		{D3B20250-F91A-4E87-A91D-9AE153E10315}.Release|Any CPU.Build.0 = Release|Any CPU
		{4CB170EF-DFE6-4A56-9E1B-A85449E827A7}.Debug|Any CPU.ActiveCfg = Debug|Any CPU
		{4CB170EF-DFE6-4A56-9E1B-A85449E827A7}.Debug|Any CPU.Build.0 = Debug|Any CPU
		{4CB170EF-DFE6-4A56-9E1B-A85449E827A7}.Release|Any CPU.ActiveCfg = Release|Any CPU
		{4CB170EF-DFE6-4A56-9E1B-A85449E827A7}.Release|Any CPU.Build.0 = Release|Any CPU
		{D2A9434D-59E4-43E9-8D9C-332AA138CEAD}.Debug|Any CPU.ActiveCfg = Debug|Any CPU
		{D2A9434D-59E4-43E9-8D9C-332AA138CEAD}.Debug|Any CPU.Build.0 = Debug|Any CPU
		{D2A9434D-59E4-43E9-8D9C-332AA138CEAD}.Release|Any CPU.ActiveCfg = Debug|Any CPU
		{D2A9434D-59E4-43E9-8D9C-332AA138CEAD}.Release|Any CPU.Build.0 = Debug|Any CPU
		{A47E1075-EC32-49BA-9C5E-124A814278D0}.Debug|Any CPU.ActiveCfg = Debug|Any CPU
		{A47E1075-EC32-49BA-9C5E-124A814278D0}.Debug|Any CPU.Build.0 = Debug|Any CPU
		{A47E1075-EC32-49BA-9C5E-124A814278D0}.Release|Any CPU.ActiveCfg = Release|Any CPU
		{A47E1075-EC32-49BA-9C5E-124A814278D0}.Release|Any CPU.Build.0 = Release|Any CPU
		{F0A51B7F-6DA2-4D3C-8FE6-75567C1264FB}.Debug|Any CPU.ActiveCfg = Debug|Any CPU
		{F0A51B7F-6DA2-4D3C-8FE6-75567C1264FB}.Debug|Any CPU.Build.0 = Debug|Any CPU
		{F0A51B7F-6DA2-4D3C-8FE6-75567C1264FB}.Release|Any CPU.ActiveCfg = Release|Any CPU
		{F0A51B7F-6DA2-4D3C-8FE6-75567C1264FB}.Release|Any CPU.Build.0 = Release|Any CPU
		{2609DE55-E7AA-4A72-B42D-925659FDFCB6}.Debug|Any CPU.ActiveCfg = Debug|Any CPU
		{2609DE55-E7AA-4A72-B42D-925659FDFCB6}.Debug|Any CPU.Build.0 = Debug|Any CPU
		{2609DE55-E7AA-4A72-B42D-925659FDFCB6}.Release|Any CPU.ActiveCfg = Debug|Any CPU
		{2609DE55-E7AA-4A72-B42D-925659FDFCB6}.Release|Any CPU.Build.0 = Debug|Any CPU
		{11C753FA-35BF-487F-8AA8-DEA948F0A74E}.Debug|Any CPU.ActiveCfg = Debug|Any CPU
		{11C753FA-35BF-487F-8AA8-DEA948F0A74E}.Debug|Any CPU.Build.0 = Debug|Any CPU
		{11C753FA-35BF-487F-8AA8-DEA948F0A74E}.Release|Any CPU.ActiveCfg = Debug|Any CPU
		{11C753FA-35BF-487F-8AA8-DEA948F0A74E}.Release|Any CPU.Build.0 = Debug|Any CPU
		{F5C7B588-0403-4AF2-A4DE-5697DE21BC2C}.Debug|Any CPU.ActiveCfg = Debug|Any CPU
		{F5C7B588-0403-4AF2-A4DE-5697DE21BC2C}.Debug|Any CPU.Build.0 = Debug|Any CPU
		{F5C7B588-0403-4AF2-A4DE-5697DE21BC2C}.Release|Any CPU.ActiveCfg = Debug|Any CPU
		{F5C7B588-0403-4AF2-A4DE-5697DE21BC2C}.Release|Any CPU.Build.0 = Debug|Any CPU
		{CEA4FEC4-1D24-4004-908E-F86C8D7AC772}.Debug|Any CPU.ActiveCfg = Debug|Any CPU
		{CEA4FEC4-1D24-4004-908E-F86C8D7AC772}.Debug|Any CPU.Build.0 = Debug|Any CPU
		{CEA4FEC4-1D24-4004-908E-F86C8D7AC772}.Release|Any CPU.ActiveCfg = Debug|Any CPU
		{CEA4FEC4-1D24-4004-908E-F86C8D7AC772}.Release|Any CPU.Build.0 = Debug|Any CPU
		{4FBAFF23-1E48-4977-8C50-30F87E70A8B5}.Debug|Any CPU.ActiveCfg = Debug|Any CPU
		{4FBAFF23-1E48-4977-8C50-30F87E70A8B5}.Debug|Any CPU.Build.0 = Debug|Any CPU
		{4FBAFF23-1E48-4977-8C50-30F87E70A8B5}.Release|Any CPU.ActiveCfg = Debug|Any CPU
		{4FBAFF23-1E48-4977-8C50-30F87E70A8B5}.Release|Any CPU.Build.0 = Debug|Any CPU
		{E00A0FA2-1FD7-4DD9-8C06-7202CE366102}.Debug|Any CPU.ActiveCfg = Debug|Any CPU
		{E00A0FA2-1FD7-4DD9-8C06-7202CE366102}.Debug|Any CPU.Build.0 = Debug|Any CPU
		{E00A0FA2-1FD7-4DD9-8C06-7202CE366102}.Release|Any CPU.ActiveCfg = Debug|Any CPU
		{E00A0FA2-1FD7-4DD9-8C06-7202CE366102}.Release|Any CPU.Build.0 = Debug|Any CPU
		{F5B43364-8D8A-4500-8FFC-4E2E5AF609EC}.Debug|Any CPU.ActiveCfg = Debug|Any CPU
		{F5B43364-8D8A-4500-8FFC-4E2E5AF609EC}.Debug|Any CPU.Build.0 = Debug|Any CPU
		{F5B43364-8D8A-4500-8FFC-4E2E5AF609EC}.Release|Any CPU.ActiveCfg = Release|Any CPU
		{F5B43364-8D8A-4500-8FFC-4E2E5AF609EC}.Release|Any CPU.Build.0 = Release|Any CPU
		{3F85DEA4-5F2C-483D-A6A9-A645D6D0F4D0}.Debug|Any CPU.ActiveCfg = Debug|Any CPU
		{3F85DEA4-5F2C-483D-A6A9-A645D6D0F4D0}.Debug|Any CPU.Build.0 = Debug|Any CPU
		{3F85DEA4-5F2C-483D-A6A9-A645D6D0F4D0}.Release|Any CPU.ActiveCfg = Release|Any CPU
		{3F85DEA4-5F2C-483D-A6A9-A645D6D0F4D0}.Release|Any CPU.Build.0 = Release|Any CPU
		{8ABA9691-14B2-43F0-8706-DB4DCCAC43D4}.Debug|Any CPU.ActiveCfg = Debug|Any CPU
		{8ABA9691-14B2-43F0-8706-DB4DCCAC43D4}.Debug|Any CPU.Build.0 = Debug|Any CPU
		{8ABA9691-14B2-43F0-8706-DB4DCCAC43D4}.Release|Any CPU.ActiveCfg = Release|Any CPU
		{8ABA9691-14B2-43F0-8706-DB4DCCAC43D4}.Release|Any CPU.Build.0 = Release|Any CPU
		{54E0B904-B1A8-4FC2-BD8C-4CE9F2C0FC81}.Debug|Any CPU.ActiveCfg = Debug|Any CPU
		{54E0B904-B1A8-4FC2-BD8C-4CE9F2C0FC81}.Debug|Any CPU.Build.0 = Debug|Any CPU
		{54E0B904-B1A8-4FC2-BD8C-4CE9F2C0FC81}.Release|Any CPU.ActiveCfg = Release|Any CPU
		{54E0B904-B1A8-4FC2-BD8C-4CE9F2C0FC81}.Release|Any CPU.Build.0 = Release|Any CPU
	EndGlobalSection
	GlobalSection(SolutionProperties) = preSolution
		HideSolutionNode = FALSE
	EndGlobalSection
	GlobalSection(NestedProjects) = preSolution
		{4E36B737-2366-4725-888D-EC1E823B88A7} = {7704D343-494C-4422-B452-950E3833A76D}
		{202F5574-FF5B-4C77-9C28-5BEA6373D32A} = {7704D343-494C-4422-B452-950E3833A76D}
		{0744B33E-A503-4E9D-97B3-FDFC5C1BEF89} = {7704D343-494C-4422-B452-950E3833A76D}
		{D3B20250-F91A-4E87-A91D-9AE153E10315} = {7704D343-494C-4422-B452-950E3833A76D}
		{A47E1075-EC32-49BA-9C5E-124A814278D0} = {B634DCC8-B525-40C9-B13E-93174B032216}
		{F0A51B7F-6DA2-4D3C-8FE6-75567C1264FB} = {B634DCC8-B525-40C9-B13E-93174B032216}
		{2609DE55-E7AA-4A72-B42D-925659FDFCB6} = {C615003F-74B6-4F45-AA51-6840DEA0CF76}
		{F5C7B588-0403-4AF2-A4DE-5697DE21BC2C} = {B634DCC8-B525-40C9-B13E-93174B032216}
		{CEA4FEC4-1D24-4004-908E-F86C8D7AC772} = {B634DCC8-B525-40C9-B13E-93174B032216}
		{E00A0FA2-1FD7-4DD9-8C06-7202CE366102} = {C615003F-74B6-4F45-AA51-6840DEA0CF76}
		{3F85DEA4-5F2C-483D-A6A9-A645D6D0F4D0} = {7704D343-494C-4422-B452-950E3833A76D}
	EndGlobalSection
	GlobalSection(ExtensibilityGlobals) = postSolution
		SolutionGuid = {706AC006-7E30-414D-9E2A-D14FFD274F28}
	EndGlobalSection
EndGlobal
