
Microsoft Visual Studio Solution File, Format Version 12.00
# Visual Studio Version 17
VisualStudioVersion = 17.2.32505.173
MinimumVisualStudioVersion = 10.0.40219.1
Project("{9A19103F-16F7-4668-BE54-9A1E7A4F7556}") = "IKVM.Runtime", "IKVM.Runtime\IKVM.Runtime.csproj", "{1DAD30CB-7FF9-47AC-92B2-0F46003EB6A4}"
EndProject
Project("{9A19103F-16F7-4668-BE54-9A1E7A4F7556}") = "IKVM.OpenJDK", "IKVM.OpenJDK\IKVM.OpenJDK.csproj", "{FAC669CD-03A2-4120-8B06-68D34E047C1C}"
EndProject
Project("{9A19103F-16F7-4668-BE54-9A1E7A4F7556}") = "IKVM.Runtime-ref", "IKVM.Runtime-ref\IKVM.Runtime-ref.csproj", "{197EF0EC-63E2-4644-AF25-054B931DDB55}"
EndProject
Project("{9A19103F-16F7-4668-BE54-9A1E7A4F7556}") = "IKVM.Runtime.JNI", "IKVM.Runtime.JNI\IKVM.Runtime.JNI.csproj", "{E4E508BF-7ADF-413F-83E2-908A3C9F7F8D}"
EndProject
Project("{9A19103F-16F7-4668-BE54-9A1E7A4F7556}") = "ikvmstub", "ikvmstub\ikvmstub.csproj", "{0A87FF49-AC9D-479A-ACBB-F4028A0BE1F7}"
EndProject
Project("{9A19103F-16F7-4668-BE54-9A1E7A4F7556}") = "ikvmc", "ikvmc\ikvmc.csproj", "{2F29E48C-63C3-4E47-BCBA-A7454B9119CF}"
EndProject
Project("{9A19103F-16F7-4668-BE54-9A1E7A4F7556}") = "ikvm", "ikvm\ikvm.csproj", "{D13E6D52-AF13-423D-B29D-A935BA32E67C}"
EndProject
Project("{9A19103F-16F7-4668-BE54-9A1E7A4F7556}") = "IKVM.Reflection", "IKVM.Reflection\IKVM.Reflection.csproj", "{01A67032-A76E-400D-9DA8-A58CE10A5FCD}"
EndProject
Project("{2150E333-8FDC-42A3-9474-1A3956D46DE8}") = "Solution Items", "Solution Items", "{90150B24-0F40-41BB-95EF-D95F50BF06BE}"
	ProjectSection(SolutionItems) = preProject
		Directory.Build.props = Directory.Build.props
		Directory.Build.targets = Directory.Build.targets
	EndProjectSection
EndProject
Project("{9A19103F-16F7-4668-BE54-9A1E7A4F7556}") = "IKVM.OpenJDK-ref", "IKVM.OpenJDK-ref\IKVM.OpenJDK-ref.csproj", "{43BA164D-41F3-4563-BDB0-EEF56CE49309}"
EndProject
Project("{9A19103F-16F7-4668-BE54-9A1E7A4F7556}") = "IKVM.Runtime.JNI-ref", "IKVM.Runtime.JNI-ref\IKVM.Runtime.JNI-ref.csproj", "{01563AC3-AE6C-4297-9313-8B835B488738}"
EndProject
Global
	GlobalSection(SolutionConfigurationPlatforms) = preSolution
		Debug|Any CPU = Debug|Any CPU
		Release|Any CPU = Release|Any CPU
	EndGlobalSection
	GlobalSection(ProjectConfigurationPlatforms) = postSolution
		{1DAD30CB-7FF9-47AC-92B2-0F46003EB6A4}.Debug|Any CPU.ActiveCfg = Debug|Any CPU
		{1DAD30CB-7FF9-47AC-92B2-0F46003EB6A4}.Debug|Any CPU.Build.0 = Debug|Any CPU
		{1DAD30CB-7FF9-47AC-92B2-0F46003EB6A4}.Release|Any CPU.ActiveCfg = Release|Any CPU
		{1DAD30CB-7FF9-47AC-92B2-0F46003EB6A4}.Release|Any CPU.Build.0 = Release|Any CPU
		{FAC669CD-03A2-4120-8B06-68D34E047C1C}.Debug|Any CPU.ActiveCfg = Debug|Any CPU
		{FAC669CD-03A2-4120-8B06-68D34E047C1C}.Debug|Any CPU.Build.0 = Debug|Any CPU
		{FAC669CD-03A2-4120-8B06-68D34E047C1C}.Release|Any CPU.ActiveCfg = Release|Any CPU
		{FAC669CD-03A2-4120-8B06-68D34E047C1C}.Release|Any CPU.Build.0 = Release|Any CPU
		{197EF0EC-63E2-4644-AF25-054B931DDB55}.Debug|Any CPU.ActiveCfg = Debug|Any CPU
		{197EF0EC-63E2-4644-AF25-054B931DDB55}.Debug|Any CPU.Build.0 = Debug|Any CPU
		{197EF0EC-63E2-4644-AF25-054B931DDB55}.Release|Any CPU.ActiveCfg = Release|Any CPU
		{197EF0EC-63E2-4644-AF25-054B931DDB55}.Release|Any CPU.Build.0 = Release|Any CPU
		{E4E508BF-7ADF-413F-83E2-908A3C9F7F8D}.Debug|Any CPU.ActiveCfg = Debug|Any CPU
		{E4E508BF-7ADF-413F-83E2-908A3C9F7F8D}.Debug|Any CPU.Build.0 = Debug|Any CPU
		{E4E508BF-7ADF-413F-83E2-908A3C9F7F8D}.Release|Any CPU.ActiveCfg = Release|Any CPU
		{E4E508BF-7ADF-413F-83E2-908A3C9F7F8D}.Release|Any CPU.Build.0 = Release|Any CPU
		{0A87FF49-AC9D-479A-ACBB-F4028A0BE1F7}.Debug|Any CPU.ActiveCfg = Debug|Any CPU
		{0A87FF49-AC9D-479A-ACBB-F4028A0BE1F7}.Debug|Any CPU.Build.0 = Debug|Any CPU
		{0A87FF49-AC9D-479A-ACBB-F4028A0BE1F7}.Release|Any CPU.ActiveCfg = Release|Any CPU
		{0A87FF49-AC9D-479A-ACBB-F4028A0BE1F7}.Release|Any CPU.Build.0 = Release|Any CPU
		{2F29E48C-63C3-4E47-BCBA-A7454B9119CF}.Debug|Any CPU.ActiveCfg = Debug|Any CPU
		{2F29E48C-63C3-4E47-BCBA-A7454B9119CF}.Debug|Any CPU.Build.0 = Debug|Any CPU
		{2F29E48C-63C3-4E47-BCBA-A7454B9119CF}.Release|Any CPU.ActiveCfg = Release|Any CPU
		{2F29E48C-63C3-4E47-BCBA-A7454B9119CF}.Release|Any CPU.Build.0 = Release|Any CPU
		{D13E6D52-AF13-423D-B29D-A935BA32E67C}.Debug|Any CPU.ActiveCfg = Debug|Any CPU
		{D13E6D52-AF13-423D-B29D-A935BA32E67C}.Debug|Any CPU.Build.0 = Debug|Any CPU
		{D13E6D52-AF13-423D-B29D-A935BA32E67C}.Release|Any CPU.ActiveCfg = Release|Any CPU
		{D13E6D52-AF13-423D-B29D-A935BA32E67C}.Release|Any CPU.Build.0 = Release|Any CPU
		{01A67032-A76E-400D-9DA8-A58CE10A5FCD}.Debug|Any CPU.ActiveCfg = Debug|Any CPU
		{01A67032-A76E-400D-9DA8-A58CE10A5FCD}.Debug|Any CPU.Build.0 = Debug|Any CPU
		{01A67032-A76E-400D-9DA8-A58CE10A5FCD}.Release|Any CPU.ActiveCfg = Release|Any CPU
		{01A67032-A76E-400D-9DA8-A58CE10A5FCD}.Release|Any CPU.Build.0 = Release|Any CPU
		{43BA164D-41F3-4563-BDB0-EEF56CE49309}.Debug|Any CPU.ActiveCfg = Debug|Any CPU
		{43BA164D-41F3-4563-BDB0-EEF56CE49309}.Debug|Any CPU.Build.0 = Debug|Any CPU
		{43BA164D-41F3-4563-BDB0-EEF56CE49309}.Release|Any CPU.ActiveCfg = Release|Any CPU
		{43BA164D-41F3-4563-BDB0-EEF56CE49309}.Release|Any CPU.Build.0 = Release|Any CPU
		{01563AC3-AE6C-4297-9313-8B835B488738}.Debug|Any CPU.ActiveCfg = Debug|Any CPU
		{01563AC3-AE6C-4297-9313-8B835B488738}.Debug|Any CPU.Build.0 = Debug|Any CPU
		{01563AC3-AE6C-4297-9313-8B835B488738}.Release|Any CPU.ActiveCfg = Release|Any CPU
		{01563AC3-AE6C-4297-9313-8B835B488738}.Release|Any CPU.Build.0 = Release|Any CPU
	EndGlobalSection
	GlobalSection(SolutionProperties) = preSolution
		HideSolutionNode = FALSE
	EndGlobalSection
	GlobalSection(ExtensibilityGlobals) = postSolution
		SolutionGuid = {A03ACB78-6C3F-4E09-BAF1-16E41D5A3945}
	EndGlobalSection
EndGlobal
